// !$*UTF8*$!
{
	archiveVersion = 1;
	classes = {
	};
	objectVersion = 56;
	objects = {

/* Begin PBXBuildFile section */
		7D7E677E2D49146A0037BD36 /* KoCo_TalkApp.swift in Sources */ = {isa = PBXBuildFile; fileRef = 7D7E677D2D49146A0037BD36 /* KoCo_TalkApp.swift */; };
		7D7E67802D49146A0037BD36 /* ContentView.swift in Sources */ = {isa = PBXBuildFile; fileRef = 7D7E677F2D49146A0037BD36 /* ContentView.swift */; };
		7D7E67822D49146C0037BD36 /* Assets.xcassets in Resources */ = {isa = PBXBuildFile; fileRef = 7D7E67812D49146C0037BD36 /* Assets.xcassets */; };
		7D7E67852D49146C0037BD36 /* Preview Assets.xcassets in Resources */ = {isa = PBXBuildFile; fileRef = 7D7E67842D49146C0037BD36 /* Preview Assets.xcassets */; };
		7D7E678D2D491BCA0037BD36 /* Colors.xcassets in Resources */ = {isa = PBXBuildFile; fileRef = 7D7E678C2D491BCA0037BD36 /* Colors.xcassets */; };
		7D7E67932D491FD40037BD36 /* ChattingListView.swift in Sources */ = {isa = PBXBuildFile; fileRef = 7D7E67922D491FD40037BD36 /* ChattingListView.swift */; };
		7D7E67952D49209E0037BD36 /* ChattingRoomView.swift in Sources */ = {isa = PBXBuildFile; fileRef = 7D7E67942D49209E0037BD36 /* ChattingRoomView.swift */; };
		7D7E67972D49D1700037BD36 /* SettingsView.swift in Sources */ = {isa = PBXBuildFile; fileRef = 7D7E67962D49D1700037BD36 /* SettingsView.swift */; };
		7D7E679A2D49D34E0037BD36 /* Namespace.swift in Sources */ = {isa = PBXBuildFile; fileRef = 7D7E67992D49D34E0037BD36 /* Namespace.swift */; };
		7D7E679C2D49D5F50037BD36 /* MapView.swift in Sources */ = {isa = PBXBuildFile; fileRef = 7D7E679B2D49D5F50037BD36 /* MapView.swift */; };
		7D7E67A22D49E3630037BD36 /* NanumSquareEB.ttf in Resources */ = {isa = PBXBuildFile; fileRef = 7D7E679E2D49E3620037BD36 /* NanumSquareEB.ttf */; };
		7D7E67A32D49E3630037BD36 /* NanumSquareR.ttf in Resources */ = {isa = PBXBuildFile; fileRef = 7D7E679F2D49E3630037BD36 /* NanumSquareR.ttf */; };
		7D7E67A42D49E3630037BD36 /* NanumSquareL.ttf in Resources */ = {isa = PBXBuildFile; fileRef = 7D7E67A02D49E3630037BD36 /* NanumSquareL.ttf */; };
		7D7E67A52D49E3630037BD36 /* NanumSquareB.ttf in Resources */ = {isa = PBXBuildFile; fileRef = 7D7E67A12D49E3630037BD36 /* NanumSquareB.ttf */; };
		7D7E67A92D49F7C70037BD36 /* ChattingListRowView.swift in Sources */ = {isa = PBXBuildFile; fileRef = 7D7E67A82D49F7C70037BD36 /* ChattingListRowView.swift */; };
		7D7E67AE2D4A0C8E0037BD36 /* NetworkManager.swift in Sources */ = {isa = PBXBuildFile; fileRef = 7D7E67AD2D4A0C8E0037BD36 /* NetworkManager.swift */; };
		7D7E67B12D4A0CE30037BD36 /* Alamofire in Frameworks */ = {isa = PBXBuildFile; productRef = 7D7E67B02D4A0CE30037BD36 /* Alamofire */; };
		7D7E67B32D4A0D1F0037BD36 /* TargetType.swift in Sources */ = {isa = PBXBuildFile; fileRef = 7D7E67B22D4A0D1F0037BD36 /* TargetType.swift */; };
		7D7E67B52D4A0D4B0037BD36 /* Router.swift in Sources */ = {isa = PBXBuildFile; fileRef = 7D7E67B42D4A0D4B0037BD36 /* Router.swift */; };
		7D7E67B72D4A0D800037BD36 /* .gitignore in Resources */ = {isa = PBXBuildFile; fileRef = 7D7E67B62D4A0D800037BD36 /* .gitignore */; };
		7D7E67BB2D4A0DB90037BD36 /* APIURL.swift in Sources */ = {isa = PBXBuildFile; fileRef = 7D7E67BA2D4A0DB90037BD36 /* APIURL.swift */; };
		7D7E67BD2D4A0DC90037BD36 /* APIKEY.swift in Sources */ = {isa = PBXBuildFile; fileRef = 7D7E67BC2D4A0DC90037BD36 /* APIKEY.swift */; };
		7D7E67C02D4A0E950037BD36 /* StoreInfoResponseDTO+Mapping.swift in Sources */ = {isa = PBXBuildFile; fileRef = 7D7E67BF2D4A0E950037BD36 /* StoreInfoResponseDTO+Mapping.swift */; };
		7D7E67C32D4A0F210037BD36 /* ChatRoom.swift in Sources */ = {isa = PBXBuildFile; fileRef = 7D7E67C22D4A0F210037BD36 /* ChatRoom.swift */; };
		7D7E67C52D4A10980037BD36 /* ChatRoomResponseDTO+Mapping.swift in Sources */ = {isa = PBXBuildFile; fileRef = 7D7E67C42D4A10980037BD36 /* ChatRoomResponseDTO+Mapping.swift */; };
		7D7E67C72D4A11CB0037BD36 /* ChatContentsResponseDTO+Mapping.swift in Sources */ = {isa = PBXBuildFile; fileRef = 7D7E67C62D4A11CB0037BD36 /* ChatContentsResponseDTO+Mapping.swift */; };
		7D7E67C92D4A13010037BD36 /* ChattingListIntent.swift in Sources */ = {isa = PBXBuildFile; fileRef = 7D7E67C82D4A13010037BD36 /* ChattingListIntent.swift */; };
		7D7E67CB2D4A131F0037BD36 /* ChattingListModel.swift in Sources */ = {isa = PBXBuildFile; fileRef = 7D7E67CA2D4A131F0037BD36 /* ChattingListModel.swift */; };
		7D7E67CF2D4A137F0037BD36 /* MVIContainer.swift in Sources */ = {isa = PBXBuildFile; fileRef = 7D7E67CE2D4A137F0037BD36 /* MVIContainer.swift */; };
		7D7E67D32D4B114C0037BD36 /* ChattingEntities.swift in Sources */ = {isa = PBXBuildFile; fileRef = 7D7E67D22D4B114C0037BD36 /* ChattingEntities.swift */; };
		7D7E67D72D4B170B0037BD36 /* DateFormatter++.swift in Sources */ = {isa = PBXBuildFile; fileRef = 7D7E67D62D4B170B0037BD36 /* DateFormatter++.swift */; };
		7D7E67D92D4B2BF50037BD36 /* ChattingRoomModel.swift in Sources */ = {isa = PBXBuildFile; fileRef = 7D7E67D82D4B2BF50037BD36 /* ChattingRoomModel.swift */; };
		7D7E67DB2D4B2C030037BD36 /* ChattingRoomIntent.swift in Sources */ = {isa = PBXBuildFile; fileRef = 7D7E67DA2D4B2C030037BD36 /* ChattingRoomIntent.swift */; };
		7D7E67DE2D4C6D510037BD36 /* ChattingRoomRowView.swift in Sources */ = {isa = PBXBuildFile; fileRef = 7D7E67DD2D4C6D510037BD36 /* ChattingRoomRowView.swift */; };
		7D7E67E12D4C6FCD0037BD36 /* RoundedCorner.swift in Sources */ = {isa = PBXBuildFile; fileRef = 7D7E67E02D4C6FCD0037BD36 /* RoundedCorner.swift */; };
		7D7E67E32D4CC8320037BD36 /* SocketIOManager.swift in Sources */ = {isa = PBXBuildFile; fileRef = 7D7E67E22D4CC8320037BD36 /* SocketIOManager.swift */; };
		7D7E67E62D4CCDE90037BD36 /* SocketIO in Frameworks */ = {isa = PBXBuildFile; productRef = 7D7E67E52D4CCDE90037BD36 /* SocketIO */; };
		7D7E67E82D4CE23A0037BD36 /* String++.swift in Sources */ = {isa = PBXBuildFile; fileRef = 7D7E67E72D4CE2390037BD36 /* String++.swift */; };
		7D7E67EC2D4F532A0037BD36 /* EmailLoginView.swift in Sources */ = {isa = PBXBuildFile; fileRef = 7D7E67EB2D4F532A0037BD36 /* EmailLoginView.swift */; };
		7D7E67EF2D4F60450037BD36 /* UserDefaultsWrapper.swift in Sources */ = {isa = PBXBuildFile; fileRef = 7D7E67EE2D4F60450037BD36 /* UserDefaultsWrapper.swift */; };
		7D7E67F12D50D09D0037BD36 /* AuthResponseDTO+Mapping.swift in Sources */ = {isa = PBXBuildFile; fileRef = 7D7E67F02D50D09D0037BD36 /* AuthResponseDTO+Mapping.swift */; };
		7D7E67F32D50D1910037BD36 /* AuthEntities.swift in Sources */ = {isa = PBXBuildFile; fileRef = 7D7E67F22D50D1910037BD36 /* AuthEntities.swift */; };
		7D7E67F52D50D1D70037BD36 /* Auth.swift in Sources */ = {isa = PBXBuildFile; fileRef = 7D7E67F42D50D1D60037BD36 /* Auth.swift */; };
/* End PBXBuildFile section */

/* Begin PBXFileReference section */
		7D7E677A2D49146A0037BD36 /* KoCo-Talk.app */ = {isa = PBXFileReference; explicitFileType = wrapper.application; includeInIndex = 0; path = "KoCo-Talk.app"; sourceTree = BUILT_PRODUCTS_DIR; };
		7D7E677D2D49146A0037BD36 /* KoCo_TalkApp.swift */ = {isa = PBXFileReference; lastKnownFileType = sourcecode.swift; path = KoCo_TalkApp.swift; sourceTree = "<group>"; };
		7D7E677F2D49146A0037BD36 /* ContentView.swift */ = {isa = PBXFileReference; lastKnownFileType = sourcecode.swift; path = ContentView.swift; sourceTree = "<group>"; };
		7D7E67812D49146C0037BD36 /* Assets.xcassets */ = {isa = PBXFileReference; lastKnownFileType = folder.assetcatalog; path = Assets.xcassets; sourceTree = "<group>"; };
		7D7E67842D49146C0037BD36 /* Preview Assets.xcassets */ = {isa = PBXFileReference; lastKnownFileType = folder.assetcatalog; path = "Preview Assets.xcassets"; sourceTree = "<group>"; };
		7D7E678C2D491BCA0037BD36 /* Colors.xcassets */ = {isa = PBXFileReference; lastKnownFileType = folder.assetcatalog; path = Colors.xcassets; sourceTree = "<group>"; };
		7D7E67922D491FD40037BD36 /* ChattingListView.swift */ = {isa = PBXFileReference; lastKnownFileType = sourcecode.swift; path = ChattingListView.swift; sourceTree = "<group>"; };
		7D7E67942D49209E0037BD36 /* ChattingRoomView.swift */ = {isa = PBXFileReference; lastKnownFileType = sourcecode.swift; path = ChattingRoomView.swift; sourceTree = "<group>"; };
		7D7E67962D49D1700037BD36 /* SettingsView.swift */ = {isa = PBXFileReference; lastKnownFileType = sourcecode.swift; path = SettingsView.swift; sourceTree = "<group>"; };
		7D7E67992D49D34E0037BD36 /* Namespace.swift */ = {isa = PBXFileReference; lastKnownFileType = sourcecode.swift; path = Namespace.swift; sourceTree = "<group>"; };
		7D7E679B2D49D5F50037BD36 /* MapView.swift */ = {isa = PBXFileReference; lastKnownFileType = sourcecode.swift; path = MapView.swift; sourceTree = "<group>"; };
		7D7E679E2D49E3620037BD36 /* NanumSquareEB.ttf */ = {isa = PBXFileReference; lastKnownFileType = file; path = NanumSquareEB.ttf; sourceTree = "<group>"; };
		7D7E679F2D49E3630037BD36 /* NanumSquareR.ttf */ = {isa = PBXFileReference; lastKnownFileType = file; path = NanumSquareR.ttf; sourceTree = "<group>"; };
		7D7E67A02D49E3630037BD36 /* NanumSquareL.ttf */ = {isa = PBXFileReference; lastKnownFileType = file; path = NanumSquareL.ttf; sourceTree = "<group>"; };
		7D7E67A12D49E3630037BD36 /* NanumSquareB.ttf */ = {isa = PBXFileReference; lastKnownFileType = file; path = NanumSquareB.ttf; sourceTree = "<group>"; };
		7D7E67A62D49E3C80037BD36 /* Info.plist */ = {isa = PBXFileReference; lastKnownFileType = text.plist; path = Info.plist; sourceTree = "<group>"; };
		7D7E67A82D49F7C70037BD36 /* ChattingListRowView.swift */ = {isa = PBXFileReference; lastKnownFileType = sourcecode.swift; path = ChattingListRowView.swift; sourceTree = "<group>"; };
		7D7E67AD2D4A0C8E0037BD36 /* NetworkManager.swift */ = {isa = PBXFileReference; lastKnownFileType = sourcecode.swift; path = NetworkManager.swift; sourceTree = "<group>"; };
		7D7E67B22D4A0D1F0037BD36 /* TargetType.swift */ = {isa = PBXFileReference; lastKnownFileType = sourcecode.swift; path = TargetType.swift; sourceTree = "<group>"; };
		7D7E67B42D4A0D4B0037BD36 /* Router.swift */ = {isa = PBXFileReference; lastKnownFileType = sourcecode.swift; path = Router.swift; sourceTree = "<group>"; };
		7D7E67B62D4A0D800037BD36 /* .gitignore */ = {isa = PBXFileReference; lastKnownFileType = text; path = .gitignore; sourceTree = "<group>"; };
		7D7E67BA2D4A0DB90037BD36 /* APIURL.swift */ = {isa = PBXFileReference; lastKnownFileType = sourcecode.swift; path = APIURL.swift; sourceTree = "<group>"; };
		7D7E67BC2D4A0DC90037BD36 /* APIKEY.swift */ = {isa = PBXFileReference; lastKnownFileType = sourcecode.swift; path = APIKEY.swift; sourceTree = "<group>"; };
		7D7E67BF2D4A0E950037BD36 /* StoreInfoResponseDTO+Mapping.swift */ = {isa = PBXFileReference; lastKnownFileType = sourcecode.swift; path = "StoreInfoResponseDTO+Mapping.swift"; sourceTree = "<group>"; };
		7D7E67C22D4A0F210037BD36 /* ChatRoom.swift */ = {isa = PBXFileReference; lastKnownFileType = sourcecode.swift; path = ChatRoom.swift; sourceTree = "<group>"; };
		7D7E67C42D4A10980037BD36 /* ChatRoomResponseDTO+Mapping.swift */ = {isa = PBXFileReference; lastKnownFileType = sourcecode.swift; path = "ChatRoomResponseDTO+Mapping.swift"; sourceTree = "<group>"; };
		7D7E67C62D4A11CB0037BD36 /* ChatContentsResponseDTO+Mapping.swift */ = {isa = PBXFileReference; lastKnownFileType = sourcecode.swift; path = "ChatContentsResponseDTO+Mapping.swift"; sourceTree = "<group>"; };
		7D7E67C82D4A13010037BD36 /* ChattingListIntent.swift */ = {isa = PBXFileReference; lastKnownFileType = sourcecode.swift; path = ChattingListIntent.swift; sourceTree = "<group>"; };
		7D7E67CA2D4A131F0037BD36 /* ChattingListModel.swift */ = {isa = PBXFileReference; lastKnownFileType = sourcecode.swift; path = ChattingListModel.swift; sourceTree = "<group>"; };
		7D7E67CE2D4A137F0037BD36 /* MVIContainer.swift */ = {isa = PBXFileReference; lastKnownFileType = sourcecode.swift; path = MVIContainer.swift; sourceTree = "<group>"; };
		7D7E67D22D4B114C0037BD36 /* ChattingEntities.swift */ = {isa = PBXFileReference; lastKnownFileType = sourcecode.swift; path = ChattingEntities.swift; sourceTree = "<group>"; };
		7D7E67D62D4B170B0037BD36 /* DateFormatter++.swift */ = {isa = PBXFileReference; lastKnownFileType = sourcecode.swift; path = "DateFormatter++.swift"; sourceTree = "<group>"; };
		7D7E67D82D4B2BF50037BD36 /* ChattingRoomModel.swift */ = {isa = PBXFileReference; lastKnownFileType = sourcecode.swift; path = ChattingRoomModel.swift; sourceTree = "<group>"; };
		7D7E67DA2D4B2C030037BD36 /* ChattingRoomIntent.swift */ = {isa = PBXFileReference; lastKnownFileType = sourcecode.swift; path = ChattingRoomIntent.swift; sourceTree = "<group>"; };
		7D7E67DD2D4C6D510037BD36 /* ChattingRoomRowView.swift */ = {isa = PBXFileReference; lastKnownFileType = sourcecode.swift; path = ChattingRoomRowView.swift; sourceTree = "<group>"; };
		7D7E67E02D4C6FCD0037BD36 /* RoundedCorner.swift */ = {isa = PBXFileReference; lastKnownFileType = sourcecode.swift; path = RoundedCorner.swift; sourceTree = "<group>"; };
		7D7E67E22D4CC8320037BD36 /* SocketIOManager.swift */ = {isa = PBXFileReference; lastKnownFileType = sourcecode.swift; path = SocketIOManager.swift; sourceTree = "<group>"; };
		7D7E67E72D4CE2390037BD36 /* String++.swift */ = {isa = PBXFileReference; lastKnownFileType = sourcecode.swift; path = "String++.swift"; sourceTree = "<group>"; };
		7D7E67EB2D4F532A0037BD36 /* EmailLoginView.swift */ = {isa = PBXFileReference; lastKnownFileType = sourcecode.swift; path = EmailLoginView.swift; sourceTree = "<group>"; };
		7D7E67EE2D4F60450037BD36 /* UserDefaultsWrapper.swift */ = {isa = PBXFileReference; lastKnownFileType = sourcecode.swift; path = UserDefaultsWrapper.swift; sourceTree = "<group>"; };
		7D7E67F02D50D09D0037BD36 /* AuthResponseDTO+Mapping.swift */ = {isa = PBXFileReference; lastKnownFileType = sourcecode.swift; path = "AuthResponseDTO+Mapping.swift"; sourceTree = "<group>"; };
		7D7E67F22D50D1910037BD36 /* AuthEntities.swift */ = {isa = PBXFileReference; lastKnownFileType = sourcecode.swift; path = AuthEntities.swift; sourceTree = "<group>"; };
		7D7E67F42D50D1D60037BD36 /* Auth.swift */ = {isa = PBXFileReference; lastKnownFileType = sourcecode.swift; path = Auth.swift; sourceTree = "<group>"; };
/* End PBXFileReference section */

/* Begin PBXFrameworksBuildPhase section */
		7D7E67772D49146A0037BD36 /* Frameworks */ = {
			isa = PBXFrameworksBuildPhase;
			buildActionMask = 2147483647;
			files = (
				7D7E67B12D4A0CE30037BD36 /* Alamofire in Frameworks */,
				7D7E67E62D4CCDE90037BD36 /* SocketIO in Frameworks */,
			);
			runOnlyForDeploymentPostprocessing = 0;
		};
/* End PBXFrameworksBuildPhase section */

/* Begin PBXGroup section */
		7D7E67712D49146A0037BD36 = {
			isa = PBXGroup;
			children = (
				7D7E67B62D4A0D800037BD36 /* .gitignore */,
				7D7E677C2D49146A0037BD36 /* KoCo-Talk */,
				7D7E677B2D49146A0037BD36 /* Products */,
			);
			sourceTree = "<group>";
		};
		7D7E677B2D49146A0037BD36 /* Products */ = {
			isa = PBXGroup;
			children = (
				7D7E677A2D49146A0037BD36 /* KoCo-Talk.app */,
			);
			name = Products;
			sourceTree = "<group>";
		};
		7D7E677C2D49146A0037BD36 /* KoCo-Talk */ = {
			isa = PBXGroup;
			children = (
				7D7E67D42D4B16FD0037BD36 /* Common */,
				7D7E67AA2D4A0C2D0037BD36 /* Data */,
				7D7E67A62D49E3C80037BD36 /* Info.plist */,
				7D7E678E2D491E0A0037BD36 /* Presentation */,
				7D7E678B2D491BB30037BD36 /* Resources */,
				7D7E677D2D49146A0037BD36 /* KoCo_TalkApp.swift */,
				7D7E677F2D49146A0037BD36 /* ContentView.swift */,
				7D7E67832D49146C0037BD36 /* Preview Content */,
			);
			path = "KoCo-Talk";
			sourceTree = "<group>";
		};
		7D7E67832D49146C0037BD36 /* Preview Content */ = {
			isa = PBXGroup;
			children = (
				7D7E67842D49146C0037BD36 /* Preview Assets.xcassets */,
			);
			path = "Preview Content";
			sourceTree = "<group>";
		};
		7D7E678B2D491BB30037BD36 /* Resources */ = {
			isa = PBXGroup;
			children = (
				7D7E679D2D49E0BE0037BD36 /* Fonts */,
				7D7E67812D49146C0037BD36 /* Assets.xcassets */,
				7D7E678C2D491BCA0037BD36 /* Colors.xcassets */,
				7D7E67992D49D34E0037BD36 /* Namespace.swift */,
			);
			path = Resources;
			sourceTree = "<group>";
		};
		7D7E678E2D491E0A0037BD36 /* Presentation */ = {
			isa = PBXGroup;
			children = (
				7D7E67DF2D4C6FAD0037BD36 /* Components */,
				7D7E67CD2D4A135C0037BD36 /* Base */,
				7D7E67E92D4F51240037BD36 /* Auth */,
				7D7E67A72D49F7B00037BD36 /* ChattingRoom */,
				7D7E67912D491EA80037BD36 /* Settings */,
				7D7E67902D491E730037BD36 /* Map */,
				7D7E678F2D491E6A0037BD36 /* ChattingList */,
			);
			path = Presentation;
			sourceTree = "<group>";
		};
		7D7E678F2D491E6A0037BD36 /* ChattingList */ = {
			isa = PBXGroup;
			children = (
				7D7E67922D491FD40037BD36 /* ChattingListView.swift */,
				7D7E67A82D49F7C70037BD36 /* ChattingListRowView.swift */,
				7D7E67C82D4A13010037BD36 /* ChattingListIntent.swift */,
				7D7E67CA2D4A131F0037BD36 /* ChattingListModel.swift */,
			);
			path = ChattingList;
			sourceTree = "<group>";
		};
		7D7E67902D491E730037BD36 /* Map */ = {
			isa = PBXGroup;
			children = (
				7D7E679B2D49D5F50037BD36 /* MapView.swift */,
			);
			path = Map;
			sourceTree = "<group>";
		};
		7D7E67912D491EA80037BD36 /* Settings */ = {
			isa = PBXGroup;
			children = (
				7D7E67962D49D1700037BD36 /* SettingsView.swift */,
			);
			path = Settings;
			sourceTree = "<group>";
		};
		7D7E679D2D49E0BE0037BD36 /* Fonts */ = {
			isa = PBXGroup;
			children = (
				7D7E67A12D49E3630037BD36 /* NanumSquareB.ttf */,
				7D7E679E2D49E3620037BD36 /* NanumSquareEB.ttf */,
				7D7E67A02D49E3630037BD36 /* NanumSquareL.ttf */,
				7D7E679F2D49E3630037BD36 /* NanumSquareR.ttf */,
			);
			path = Fonts;
			sourceTree = "<group>";
		};
		7D7E67A72D49F7B00037BD36 /* ChattingRoom */ = {
			isa = PBXGroup;
			children = (
				7D7E67DC2D4C6B630037BD36 /* ChattingRoomRow */,
				7D7E67942D49209E0037BD36 /* ChattingRoomView.swift */,
				7D7E67D82D4B2BF50037BD36 /* ChattingRoomModel.swift */,
				7D7E67DA2D4B2C030037BD36 /* ChattingRoomIntent.swift */,
			);
			path = ChattingRoom;
			sourceTree = "<group>";
		};
		7D7E67AA2D4A0C2D0037BD36 /* Data */ = {
			isa = PBXGroup;
			children = (
				7D7E67ED2D4F60250037BD36 /* LocalData */,
				7D7E67D02D4B10D60037BD36 /* Domain */,
				7D7E67AB2D4A0C570037BD36 /* RemoteData */,
			);
			path = Data;
			sourceTree = "<group>";
		};
		7D7E67AB2D4A0C570037BD36 /* RemoteData */ = {
			isa = PBXGroup;
			children = (
				7D7E67C12D4A0EF60037BD36 /* RequestModel */,
				7D7E67BE2D4A0E3F0037BD36 /* DataMapping */,
				7D7E67AC2D4A0C5A0037BD36 /* Networking */,
			);
			path = RemoteData;
			sourceTree = "<group>";
		};
		7D7E67AC2D4A0C5A0037BD36 /* Networking */ = {
			isa = PBXGroup;
			children = (
				7D7E67AD2D4A0C8E0037BD36 /* NetworkManager.swift */,
				7D7E67B22D4A0D1F0037BD36 /* TargetType.swift */,
				7D7E67B42D4A0D4B0037BD36 /* Router.swift */,
				7D7E67BA2D4A0DB90037BD36 /* APIURL.swift */,
				7D7E67BC2D4A0DC90037BD36 /* APIKEY.swift */,
				7D7E67E22D4CC8320037BD36 /* SocketIOManager.swift */,
			);
			path = Networking;
			sourceTree = "<group>";
		};
		7D7E67BE2D4A0E3F0037BD36 /* DataMapping */ = {
			isa = PBXGroup;
			children = (
				7D7E67BF2D4A0E950037BD36 /* StoreInfoResponseDTO+Mapping.swift */,
				7D7E67C42D4A10980037BD36 /* ChatRoomResponseDTO+Mapping.swift */,
				7D7E67C62D4A11CB0037BD36 /* ChatContentsResponseDTO+Mapping.swift */,
				7D7E67F02D50D09D0037BD36 /* AuthResponseDTO+Mapping.swift */,
			);
			path = DataMapping;
			sourceTree = "<group>";
		};
		7D7E67C12D4A0EF60037BD36 /* RequestModel */ = {
			isa = PBXGroup;
			children = (
				7D7E67C22D4A0F210037BD36 /* ChatRoom.swift */,
				7D7E67F42D50D1D60037BD36 /* Auth.swift */,
			);
			path = RequestModel;
			sourceTree = "<group>";
		};
		7D7E67CD2D4A135C0037BD36 /* Base */ = {
			isa = PBXGroup;
			children = (
				7D7E67CE2D4A137F0037BD36 /* MVIContainer.swift */,
			);
			path = Base;
			sourceTree = "<group>";
		};
		7D7E67D02D4B10D60037BD36 /* Domain */ = {
			isa = PBXGroup;
			children = (
				7D7E67D12D4B10E10037BD36 /* Entities */,
			);
			path = Domain;
			sourceTree = "<group>";
		};
		7D7E67D12D4B10E10037BD36 /* Entities */ = {
			isa = PBXGroup;
			children = (
				7D7E67D22D4B114C0037BD36 /* ChattingEntities.swift */,
				7D7E67F22D50D1910037BD36 /* AuthEntities.swift */,
			);
			path = Entities;
			sourceTree = "<group>";
		};
		7D7E67D42D4B16FD0037BD36 /* Common */ = {
			isa = PBXGroup;
			children = (
				7D7E67D52D4B17020037BD36 /* Extensions */,
			);
			path = Common;
			sourceTree = "<group>";
		};
		7D7E67D52D4B17020037BD36 /* Extensions */ = {
			isa = PBXGroup;
			children = (
				7D7E67D62D4B170B0037BD36 /* DateFormatter++.swift */,
				7D7E67E72D4CE2390037BD36 /* String++.swift */,
			);
			path = Extensions;
			sourceTree = "<group>";
		};
		7D7E67DC2D4C6B630037BD36 /* ChattingRoomRow */ = {
			isa = PBXGroup;
			children = (
				7D7E67DD2D4C6D510037BD36 /* ChattingRoomRowView.swift */,
			);
			path = ChattingRoomRow;
			sourceTree = "<group>";
		};
		7D7E67DF2D4C6FAD0037BD36 /* Components */ = {
			isa = PBXGroup;
			children = (
				7D7E67E02D4C6FCD0037BD36 /* RoundedCorner.swift */,
			);
			path = Components;
			sourceTree = "<group>";
		};
		7D7E67E92D4F51240037BD36 /* Auth */ = {
			isa = PBXGroup;
			children = (
				7D7E67EA2D4F512A0037BD36 /* Login */,
			);
			path = Auth;
			sourceTree = "<group>";
		};
		7D7E67EA2D4F512A0037BD36 /* Login */ = {
			isa = PBXGroup;
			children = (
				7D7E67EB2D4F532A0037BD36 /* EmailLoginView.swift */,
			);
			path = Login;
			sourceTree = "<group>";
		};
		7D7E67ED2D4F60250037BD36 /* LocalData */ = {
			isa = PBXGroup;
			children = (
				7D7E67EE2D4F60450037BD36 /* UserDefaultsWrapper.swift */,
			);
			path = LocalData;
			sourceTree = "<group>";
		};
/* End PBXGroup section */

/* Begin PBXNativeTarget section */
		7D7E67792D49146A0037BD36 /* KoCo-Talk */ = {
			isa = PBXNativeTarget;
			buildConfigurationList = 7D7E67882D49146C0037BD36 /* Build configuration list for PBXNativeTarget "KoCo-Talk" */;
			buildPhases = (
				7D7E67762D49146A0037BD36 /* Sources */,
				7D7E67772D49146A0037BD36 /* Frameworks */,
				7D7E67782D49146A0037BD36 /* Resources */,
			);
			buildRules = (
			);
			dependencies = (
			);
			name = "KoCo-Talk";
			packageProductDependencies = (
				7D7E67B02D4A0CE30037BD36 /* Alamofire */,
				7D7E67E52D4CCDE90037BD36 /* SocketIO */,
			);
			productName = "KoCo-Talk";
			productReference = 7D7E677A2D49146A0037BD36 /* KoCo-Talk.app */;
			productType = "com.apple.product-type.application";
		};
/* End PBXNativeTarget section */

/* Begin PBXProject section */
		7D7E67722D49146A0037BD36 /* Project object */ = {
			isa = PBXProject;
			attributes = {
				BuildIndependentTargetsInParallel = 1;
				LastSwiftUpdateCheck = 1530;
				LastUpgradeCheck = 1530;
				TargetAttributes = {
					7D7E67792D49146A0037BD36 = {
						CreatedOnToolsVersion = 15.3;
					};
				};
			};
			buildConfigurationList = 7D7E67752D49146A0037BD36 /* Build configuration list for PBXProject "KoCo-Talk" */;
			compatibilityVersion = "Xcode 14.0";
			developmentRegion = en;
			hasScannedForEncodings = 0;
			knownRegions = (
				en,
				Base,
			);
			mainGroup = 7D7E67712D49146A0037BD36;
			packageReferences = (
				7D7E67AF2D4A0CE30037BD36 /* XCRemoteSwiftPackageReference "Alamofire" */,
				7D7E67E42D4CCDE90037BD36 /* XCRemoteSwiftPackageReference "socket.io-client-swift" */,
			);
			productRefGroup = 7D7E677B2D49146A0037BD36 /* Products */;
			projectDirPath = "";
			projectRoot = "";
			targets = (
				7D7E67792D49146A0037BD36 /* KoCo-Talk */,
			);
		};
/* End PBXProject section */

/* Begin PBXResourcesBuildPhase section */
		7D7E67782D49146A0037BD36 /* Resources */ = {
			isa = PBXResourcesBuildPhase;
			buildActionMask = 2147483647;
			files = (
				7D7E67B72D4A0D800037BD36 /* .gitignore in Resources */,
				7D7E67A22D49E3630037BD36 /* NanumSquareEB.ttf in Resources */,
				7D7E678D2D491BCA0037BD36 /* Colors.xcassets in Resources */,
				7D7E67A32D49E3630037BD36 /* NanumSquareR.ttf in Resources */,
				7D7E67A52D49E3630037BD36 /* NanumSquareB.ttf in Resources */,
				7D7E67852D49146C0037BD36 /* Preview Assets.xcassets in Resources */,
				7D7E67A42D49E3630037BD36 /* NanumSquareL.ttf in Resources */,
				7D7E67822D49146C0037BD36 /* Assets.xcassets in Resources */,
			);
			runOnlyForDeploymentPostprocessing = 0;
		};
/* End PBXResourcesBuildPhase section */

/* Begin PBXSourcesBuildPhase section */
		7D7E67762D49146A0037BD36 /* Sources */ = {
			isa = PBXSourcesBuildPhase;
			buildActionMask = 2147483647;
			files = (
				7D7E67BD2D4A0DC90037BD36 /* APIKEY.swift in Sources */,
				7D7E67CB2D4A131F0037BD36 /* ChattingListModel.swift in Sources */,
				7D7E67B52D4A0D4B0037BD36 /* Router.swift in Sources */,
				7D7E67F12D50D09D0037BD36 /* AuthResponseDTO+Mapping.swift in Sources */,
				7D7E67C52D4A10980037BD36 /* ChatRoomResponseDTO+Mapping.swift in Sources */,
				7D7E67E12D4C6FCD0037BD36 /* RoundedCorner.swift in Sources */,
				7D7E67CF2D4A137F0037BD36 /* MVIContainer.swift in Sources */,
				7D7E67C92D4A13010037BD36 /* ChattingListIntent.swift in Sources */,
				7D7E67D32D4B114C0037BD36 /* ChattingEntities.swift in Sources */,
				7D7E67B32D4A0D1F0037BD36 /* TargetType.swift in Sources */,
				7D7E67AE2D4A0C8E0037BD36 /* NetworkManager.swift in Sources */,
				7D7E67DE2D4C6D510037BD36 /* ChattingRoomRowView.swift in Sources */,
				7D7E679C2D49D5F50037BD36 /* MapView.swift in Sources */,
				7D7E67BB2D4A0DB90037BD36 /* APIURL.swift in Sources */,
				7D7E67E32D4CC8320037BD36 /* SocketIOManager.swift in Sources */,
				7D7E67E82D4CE23A0037BD36 /* String++.swift in Sources */,
				7D7E67972D49D1700037BD36 /* SettingsView.swift in Sources */,
				7D7E67F52D50D1D70037BD36 /* Auth.swift in Sources */,
				7D7E67EF2D4F60450037BD36 /* UserDefaultsWrapper.swift in Sources */,
				7D7E67D72D4B170B0037BD36 /* DateFormatter++.swift in Sources */,
				7D7E67D92D4B2BF50037BD36 /* ChattingRoomModel.swift in Sources */,
				7D7E67C72D4A11CB0037BD36 /* ChatContentsResponseDTO+Mapping.swift in Sources */,
				7D7E67C32D4A0F210037BD36 /* ChatRoom.swift in Sources */,
				7D7E679A2D49D34E0037BD36 /* Namespace.swift in Sources */,
				7D7E67F32D50D1910037BD36 /* AuthEntities.swift in Sources */,
				7D7E67802D49146A0037BD36 /* ContentView.swift in Sources */,
				7D7E67C02D4A0E950037BD36 /* StoreInfoResponseDTO+Mapping.swift in Sources */,
				7D7E67EC2D4F532A0037BD36 /* EmailLoginView.swift in Sources */,
				7D7E677E2D49146A0037BD36 /* KoCo_TalkApp.swift in Sources */,
				7D7E67DB2D4B2C030037BD36 /* ChattingRoomIntent.swift in Sources */,
				7D7E67A92D49F7C70037BD36 /* ChattingListRowView.swift in Sources */,
				7D7E67932D491FD40037BD36 /* ChattingListView.swift in Sources */,
				7D7E67952D49209E0037BD36 /* ChattingRoomView.swift in Sources */,
			);
			runOnlyForDeploymentPostprocessing = 0;
		};
/* End PBXSourcesBuildPhase section */

/* Begin XCBuildConfiguration section */
		7D7E67862D49146C0037BD36 /* Debug */ = {
			isa = XCBuildConfiguration;
			buildSettings = {
				ALWAYS_SEARCH_USER_PATHS = NO;
				ASSETCATALOG_COMPILER_GENERATE_SWIFT_ASSET_SYMBOL_EXTENSIONS = YES;
				CLANG_ANALYZER_NONNULL = YES;
				CLANG_ANALYZER_NUMBER_OBJECT_CONVERSION = YES_AGGRESSIVE;
				CLANG_CXX_LANGUAGE_STANDARD = "gnu++20";
				CLANG_ENABLE_MODULES = YES;
				CLANG_ENABLE_OBJC_ARC = YES;
				CLANG_ENABLE_OBJC_WEAK = YES;
				CLANG_WARN_BLOCK_CAPTURE_AUTORELEASING = YES;
				CLANG_WARN_BOOL_CONVERSION = YES;
				CLANG_WARN_COMMA = YES;
				CLANG_WARN_CONSTANT_CONVERSION = YES;
				CLANG_WARN_DEPRECATED_OBJC_IMPLEMENTATIONS = YES;
				CLANG_WARN_DIRECT_OBJC_ISA_USAGE = YES_ERROR;
				CLANG_WARN_DOCUMENTATION_COMMENTS = YES;
				CLANG_WARN_EMPTY_BODY = YES;
				CLANG_WARN_ENUM_CONVERSION = YES;
				CLANG_WARN_INFINITE_RECURSION = YES;
				CLANG_WARN_INT_CONVERSION = YES;
				CLANG_WARN_NON_LITERAL_NULL_CONVERSION = YES;
				CLANG_WARN_OBJC_IMPLICIT_RETAIN_SELF = YES;
				CLANG_WARN_OBJC_LITERAL_CONVERSION = YES;
				CLANG_WARN_OBJC_ROOT_CLASS = YES_ERROR;
				CLANG_WARN_QUOTED_INCLUDE_IN_FRAMEWORK_HEADER = YES;
				CLANG_WARN_RANGE_LOOP_ANALYSIS = YES;
				CLANG_WARN_STRICT_PROTOTYPES = YES;
				CLANG_WARN_SUSPICIOUS_MOVE = YES;
				CLANG_WARN_UNGUARDED_AVAILABILITY = YES_AGGRESSIVE;
				CLANG_WARN_UNREACHABLE_CODE = YES;
				CLANG_WARN__DUPLICATE_METHOD_MATCH = YES;
				COPY_PHASE_STRIP = NO;
				DEBUG_INFORMATION_FORMAT = dwarf;
				ENABLE_STRICT_OBJC_MSGSEND = YES;
				ENABLE_TESTABILITY = YES;
				ENABLE_USER_SCRIPT_SANDBOXING = YES;
				GCC_C_LANGUAGE_STANDARD = gnu17;
				GCC_DYNAMIC_NO_PIC = NO;
				GCC_NO_COMMON_BLOCKS = YES;
				GCC_OPTIMIZATION_LEVEL = 0;
				GCC_PREPROCESSOR_DEFINITIONS = (
					"DEBUG=1",
					"$(inherited)",
				);
				GCC_WARN_64_TO_32_BIT_CONVERSION = YES;
				GCC_WARN_ABOUT_RETURN_TYPE = YES_ERROR;
				GCC_WARN_UNDECLARED_SELECTOR = YES;
				GCC_WARN_UNINITIALIZED_AUTOS = YES_AGGRESSIVE;
				GCC_WARN_UNUSED_FUNCTION = YES;
				GCC_WARN_UNUSED_VARIABLE = YES;
				IPHONEOS_DEPLOYMENT_TARGET = 17.4;
				LOCALIZATION_PREFERS_STRING_CATALOGS = YES;
				MTL_ENABLE_DEBUG_INFO = INCLUDE_SOURCE;
				MTL_FAST_MATH = YES;
				ONLY_ACTIVE_ARCH = YES;
				SDKROOT = iphoneos;
				SWIFT_ACTIVE_COMPILATION_CONDITIONS = "DEBUG $(inherited)";
				SWIFT_OPTIMIZATION_LEVEL = "-Onone";
			};
			name = Debug;
		};
		7D7E67872D49146C0037BD36 /* Release */ = {
			isa = XCBuildConfiguration;
			buildSettings = {
				ALWAYS_SEARCH_USER_PATHS = NO;
				ASSETCATALOG_COMPILER_GENERATE_SWIFT_ASSET_SYMBOL_EXTENSIONS = YES;
				CLANG_ANALYZER_NONNULL = YES;
				CLANG_ANALYZER_NUMBER_OBJECT_CONVERSION = YES_AGGRESSIVE;
				CLANG_CXX_LANGUAGE_STANDARD = "gnu++20";
				CLANG_ENABLE_MODULES = YES;
				CLANG_ENABLE_OBJC_ARC = YES;
				CLANG_ENABLE_OBJC_WEAK = YES;
				CLANG_WARN_BLOCK_CAPTURE_AUTORELEASING = YES;
				CLANG_WARN_BOOL_CONVERSION = YES;
				CLANG_WARN_COMMA = YES;
				CLANG_WARN_CONSTANT_CONVERSION = YES;
				CLANG_WARN_DEPRECATED_OBJC_IMPLEMENTATIONS = YES;
				CLANG_WARN_DIRECT_OBJC_ISA_USAGE = YES_ERROR;
				CLANG_WARN_DOCUMENTATION_COMMENTS = YES;
				CLANG_WARN_EMPTY_BODY = YES;
				CLANG_WARN_ENUM_CONVERSION = YES;
				CLANG_WARN_INFINITE_RECURSION = YES;
				CLANG_WARN_INT_CONVERSION = YES;
				CLANG_WARN_NON_LITERAL_NULL_CONVERSION = YES;
				CLANG_WARN_OBJC_IMPLICIT_RETAIN_SELF = YES;
				CLANG_WARN_OBJC_LITERAL_CONVERSION = YES;
				CLANG_WARN_OBJC_ROOT_CLASS = YES_ERROR;
				CLANG_WARN_QUOTED_INCLUDE_IN_FRAMEWORK_HEADER = YES;
				CLANG_WARN_RANGE_LOOP_ANALYSIS = YES;
				CLANG_WARN_STRICT_PROTOTYPES = YES;
				CLANG_WARN_SUSPICIOUS_MOVE = YES;
				CLANG_WARN_UNGUARDED_AVAILABILITY = YES_AGGRESSIVE;
				CLANG_WARN_UNREACHABLE_CODE = YES;
				CLANG_WARN__DUPLICATE_METHOD_MATCH = YES;
				COPY_PHASE_STRIP = NO;
				DEBUG_INFORMATION_FORMAT = "dwarf-with-dsym";
				ENABLE_NS_ASSERTIONS = NO;
				ENABLE_STRICT_OBJC_MSGSEND = YES;
				ENABLE_USER_SCRIPT_SANDBOXING = YES;
				GCC_C_LANGUAGE_STANDARD = gnu17;
				GCC_NO_COMMON_BLOCKS = YES;
				GCC_WARN_64_TO_32_BIT_CONVERSION = YES;
				GCC_WARN_ABOUT_RETURN_TYPE = YES_ERROR;
				GCC_WARN_UNDECLARED_SELECTOR = YES;
				GCC_WARN_UNINITIALIZED_AUTOS = YES_AGGRESSIVE;
				GCC_WARN_UNUSED_FUNCTION = YES;
				GCC_WARN_UNUSED_VARIABLE = YES;
				IPHONEOS_DEPLOYMENT_TARGET = 17.4;
				LOCALIZATION_PREFERS_STRING_CATALOGS = YES;
				MTL_ENABLE_DEBUG_INFO = NO;
				MTL_FAST_MATH = YES;
				SDKROOT = iphoneos;
				SWIFT_COMPILATION_MODE = wholemodule;
				VALIDATE_PRODUCT = YES;
			};
			name = Release;
		};
		7D7E67892D49146C0037BD36 /* Debug */ = {
			isa = XCBuildConfiguration;
			buildSettings = {
				ASSETCATALOG_COMPILER_APPICON_NAME = AppIcon;
				ASSETCATALOG_COMPILER_GLOBAL_ACCENT_COLOR_NAME = AccentColor;
				CODE_SIGN_STYLE = Automatic;
				CURRENT_PROJECT_VERSION = 1;
				DEVELOPMENT_ASSET_PATHS = "\"KoCo-Talk/Preview Content\"";
				DEVELOPMENT_TEAM = 5B4DDA3JD6;
				ENABLE_PREVIEWS = YES;
				GENERATE_INFOPLIST_FILE = YES;
				INFOPLIST_FILE = "KoCo-Talk/Info.plist";
				INFOPLIST_KEY_UIApplicationSceneManifest_Generation = YES;
				INFOPLIST_KEY_UIApplicationSupportsIndirectInputEvents = YES;
				INFOPLIST_KEY_UILaunchScreen_Generation = YES;
				INFOPLIST_KEY_UISupportedInterfaceOrientations_iPad = "UIInterfaceOrientationPortrait UIInterfaceOrientationPortraitUpsideDown UIInterfaceOrientationLandscapeLeft UIInterfaceOrientationLandscapeRight";
				INFOPLIST_KEY_UISupportedInterfaceOrientations_iPhone = "UIInterfaceOrientationPortrait UIInterfaceOrientationLandscapeLeft UIInterfaceOrientationLandscapeRight";
				IPHONEOS_DEPLOYMENT_TARGET = 16.0;
				LD_RUNPATH_SEARCH_PATHS = (
					"$(inherited)",
					"@executable_path/Frameworks",
				);
				MARKETING_VERSION = 1.0;
				PRODUCT_BUNDLE_IDENTIFIER = "com.yeonju.KoCo-Talk";
				PRODUCT_NAME = "$(TARGET_NAME)";
				SWIFT_EMIT_LOC_STRINGS = YES;
				SWIFT_VERSION = 5.0;
				TARGETED_DEVICE_FAMILY = "1,2";
			};
			name = Debug;
		};
		7D7E678A2D49146C0037BD36 /* Release */ = {
			isa = XCBuildConfiguration;
			buildSettings = {
				ASSETCATALOG_COMPILER_APPICON_NAME = AppIcon;
				ASSETCATALOG_COMPILER_GLOBAL_ACCENT_COLOR_NAME = AccentColor;
				CODE_SIGN_STYLE = Automatic;
				CURRENT_PROJECT_VERSION = 1;
				DEVELOPMENT_ASSET_PATHS = "\"KoCo-Talk/Preview Content\"";
				DEVELOPMENT_TEAM = 5B4DDA3JD6;
				ENABLE_PREVIEWS = YES;
				GENERATE_INFOPLIST_FILE = YES;
				INFOPLIST_FILE = "KoCo-Talk/Info.plist";
				INFOPLIST_KEY_UIApplicationSceneManifest_Generation = YES;
				INFOPLIST_KEY_UIApplicationSupportsIndirectInputEvents = YES;
				INFOPLIST_KEY_UILaunchScreen_Generation = YES;
				INFOPLIST_KEY_UISupportedInterfaceOrientations_iPad = "UIInterfaceOrientationPortrait UIInterfaceOrientationPortraitUpsideDown UIInterfaceOrientationLandscapeLeft UIInterfaceOrientationLandscapeRight";
				INFOPLIST_KEY_UISupportedInterfaceOrientations_iPhone = "UIInterfaceOrientationPortrait UIInterfaceOrientationLandscapeLeft UIInterfaceOrientationLandscapeRight";
				IPHONEOS_DEPLOYMENT_TARGET = 16.0;
				LD_RUNPATH_SEARCH_PATHS = (
					"$(inherited)",
					"@executable_path/Frameworks",
				);
				MARKETING_VERSION = 1.0;
				PRODUCT_BUNDLE_IDENTIFIER = "com.yeonju.KoCo-Talk";
				PRODUCT_NAME = "$(TARGET_NAME)";
				SWIFT_EMIT_LOC_STRINGS = YES;
				SWIFT_VERSION = 5.0;
				TARGETED_DEVICE_FAMILY = "1,2";
			};
			name = Release;
		};
/* End XCBuildConfiguration section */

/* Begin XCConfigurationList section */
		7D7E67752D49146A0037BD36 /* Build configuration list for PBXProject "KoCo-Talk" */ = {
			isa = XCConfigurationList;
			buildConfigurations = (
				7D7E67862D49146C0037BD36 /* Debug */,
				7D7E67872D49146C0037BD36 /* Release */,
			);
			defaultConfigurationIsVisible = 0;
			defaultConfigurationName = Release;
		};
		7D7E67882D49146C0037BD36 /* Build configuration list for PBXNativeTarget "KoCo-Talk" */ = {
			isa = XCConfigurationList;
			buildConfigurations = (
				7D7E67892D49146C0037BD36 /* Debug */,
				7D7E678A2D49146C0037BD36 /* Release */,
			);
			defaultConfigurationIsVisible = 0;
			defaultConfigurationName = Release;
		};
/* End XCConfigurationList section */

/* Begin XCRemoteSwiftPackageReference section */
		7D7E67AF2D4A0CE30037BD36 /* XCRemoteSwiftPackageReference "Alamofire" */ = {
			isa = XCRemoteSwiftPackageReference;
			repositoryURL = "https://github.com/Alamofire/Alamofire.git";
			requirement = {
				kind = upToNextMajorVersion;
				minimumVersion = 5.10.2;
			};
		};
		7D7E67E42D4CCDE90037BD36 /* XCRemoteSwiftPackageReference "socket.io-client-swift" */ = {
			isa = XCRemoteSwiftPackageReference;
			repositoryURL = "https://github.com/socketio/socket.io-client-swift.git";
			requirement = {
				kind = exactVersion;
				version = 16.1.1;
			};
		};
/* End XCRemoteSwiftPackageReference section */

/* Begin XCSwiftPackageProductDependency section */
		7D7E67B02D4A0CE30037BD36 /* Alamofire */ = {
			isa = XCSwiftPackageProductDependency;
			package = 7D7E67AF2D4A0CE30037BD36 /* XCRemoteSwiftPackageReference "Alamofire" */;
			productName = Alamofire;
		};
		7D7E67E52D4CCDE90037BD36 /* SocketIO */ = {
			isa = XCSwiftPackageProductDependency;
			package = 7D7E67E42D4CCDE90037BD36 /* XCRemoteSwiftPackageReference "socket.io-client-swift" */;
			productName = SocketIO;
		};
/* End XCSwiftPackageProductDependency section */
	};
	rootObject = 7D7E67722D49146A0037BD36 /* Project object */;
}
