// !$*UTF8*$!
{
	archiveVersion = 1;
	classes = {
	};
	objectVersion = 56;
	objects = {

/* Begin PBXBuildFile section */
		7D25133E2D880AE2005850B9 /* UserProfileView.swift in Sources */ = {isa = PBXBuildFile; fileRef = 7D25133D2D880AE2005850B9 /* UserProfileView.swift */; };
		7D2861832D8054720015DD37 /* StoreInfoView.swift in Sources */ = {isa = PBXBuildFile; fileRef = 7D2861822D8054720015DD37 /* StoreInfoView.swift */; };
		7D2861852D8070890015DD37 /* StoreInfoHeaderView.swift in Sources */ = {isa = PBXBuildFile; fileRef = 7D2861842D8070890015DD37 /* StoreInfoHeaderView.swift */; };
		7D2861882D8072F10015DD37 /* IconCircleBackgroudView.swift in Sources */ = {isa = PBXBuildFile; fileRef = 7D2861872D8072F10015DD37 /* IconCircleBackgroudView.swift */; };
		7D2861892D812CD50015DD37 /* RealmSwift in Embed Frameworks */ = {isa = PBXBuildFile; productRef = 7D68FBE12D7D3F3F00B9B013 /* RealmSwift */; settings = {ATTRIBUTES = (CodeSignOnCopy, ); }; };
		7D28618C2D813E140015DD37 /* StoreInfoTypeIconsView.swift in Sources */ = {isa = PBXBuildFile; fileRef = 7D28618B2D813E140015DD37 /* StoreInfoTypeIconsView.swift */; };
		7D28618E2D814BED0015DD37 /* StoreInfoButtonsView.swift in Sources */ = {isa = PBXBuildFile; fileRef = 7D28618D2D814BED0015DD37 /* StoreInfoButtonsView.swift */; };
		7D2861902D8156270015DD37 /* CustomFontModifier.swift in Sources */ = {isa = PBXBuildFile; fileRef = 7D28618F2D8156270015DD37 /* CustomFontModifier.swift */; };
		7D2861952D816B3D0015DD37 /* KakaoMapView.swift in Sources */ = {isa = PBXBuildFile; fileRef = 7D2861942D816B3D0015DD37 /* KakaoMapView.swift */; };
		7D2861972D816B5A0015DD37 /* KakaoMapCoordinator.swift in Sources */ = {isa = PBXBuildFile; fileRef = 7D2861962D816B5A0015DD37 /* KakaoMapCoordinator.swift */; };
		7D2861992D8173700015DD37 /* LocationManager.swift in Sources */ = {isa = PBXBuildFile; fileRef = 7D2861982D8173700015DD37 /* LocationManager.swift */; };
		7D28619B2D82A9000015DD37 /* StoreDetailInformantionlView.swift in Sources */ = {isa = PBXBuildFile; fileRef = 7D28619A2D82A9000015DD37 /* StoreDetailInformantionlView.swift */; };
		7D2861A12D84257C0015DD37 /* StoreInfoRegisterView.swift in Sources */ = {isa = PBXBuildFile; fileRef = 7D2861A02D84257C0015DD37 /* StoreInfoRegisterView.swift */; };
		7D6007EC2D8911EB00363A9A /* UserInfoResponseDTO+Mapping.swift in Sources */ = {isa = PBXBuildFile; fileRef = 7D6007EB2D8911EB00363A9A /* UserInfoResponseDTO+Mapping.swift */; };
		7D6007EE2D89122A00363A9A /* UserInfo.swift in Sources */ = {isa = PBXBuildFile; fileRef = 7D6007ED2D89122A00363A9A /* UserInfo.swift */; };
		7D68FBBA2D73174400B9B013 /* BaisicAsyncImage.swift in Sources */ = {isa = PBXBuildFile; fileRef = 7D68FBB92D73174400B9B013 /* BaisicAsyncImage.swift */; };
		7D68FBBF2D7579D300B9B013 /* KeyboardModifier.swift in Sources */ = {isa = PBXBuildFile; fileRef = 7D68FBBE2D7579D300B9B013 /* KeyboardModifier.swift */; };
		7D68FBC12D757A1500B9B013 /* View++.swift in Sources */ = {isa = PBXBuildFile; fileRef = 7D68FBC02D757A1500B9B013 /* View++.swift */; };
		7D68FBC32D75AB8700B9B013 /* OrientationManager.swift in Sources */ = {isa = PBXBuildFile; fileRef = 7D68FBC22D75AB8700B9B013 /* OrientationManager.swift */; };
		7D68FBC62D75E58800B9B013 /* AppDelegate.swift in Sources */ = {isa = PBXBuildFile; fileRef = 7D68FBC52D75E58800B9B013 /* AppDelegate.swift */; };
		7D68FBC92D76E88500B9B013 /* PhotoSelectView.swift in Sources */ = {isa = PBXBuildFile; fileRef = 7D68FBC82D76E88500B9B013 /* PhotoSelectView.swift */; };
		7D68FBCE2D76ED8F00B9B013 /* PhotoGridItem.swift in Sources */ = {isa = PBXBuildFile; fileRef = 7D68FBCD2D76ED8F00B9B013 /* PhotoGridItem.swift */; };
		7D68FBD22D77528600B9B013 /* BottomSheetView.swift in Sources */ = {isa = PBXBuildFile; fileRef = 7D68FBD12D77528600B9B013 /* BottomSheetView.swift */; };
		7D68FBD42D79D41600B9B013 /* FileResponse.swift in Sources */ = {isa = PBXBuildFile; fileRef = 7D68FBD32D79D41600B9B013 /* FileResponse.swift */; };
		7D68FBD62D79D6D500B9B013 /* PHAsset++.swift in Sources */ = {isa = PBXBuildFile; fileRef = 7D68FBD52D79D6D400B9B013 /* PHAsset++.swift */; };
		7D68FBD82D7C096700B9B013 /* HeaderAsyncImage.swift in Sources */ = {isa = PBXBuildFile; fileRef = 7D68FBD72D7C096700B9B013 /* HeaderAsyncImage.swift */; };
		7D68FBDA2D7C187000B9B013 /* ImageLoader.swift in Sources */ = {isa = PBXBuildFile; fileRef = 7D68FBD92D7C187000B9B013 /* ImageLoader.swift */; };
		7D68FBDF2D7D3EDF00B9B013 /* BaseRealmManager.swift in Sources */ = {isa = PBXBuildFile; fileRef = 7D68FBDE2D7D3EDF00B9B013 /* BaseRealmManager.swift */; };
		7D68FBE22D7D3F3F00B9B013 /* RealmSwift in Frameworks */ = {isa = PBXBuildFile; productRef = 7D68FBE12D7D3F3F00B9B013 /* RealmSwift */; };
		7D68FBE52D7D4E6200B9B013 /* RealmChatContent.swift in Sources */ = {isa = PBXBuildFile; fileRef = 7D68FBE42D7D4E6200B9B013 /* RealmChatContent.swift */; };
		7D68FBE72D7D5C6D00B9B013 /* ChatRealmManager.swift in Sources */ = {isa = PBXBuildFile; fileRef = 7D68FBE62D7D5C6D00B9B013 /* ChatRealmManager.swift */; };
		7D68FBE92D7E92BE00B9B013 /* MapIntent.swift in Sources */ = {isa = PBXBuildFile; fileRef = 7D68FBE82D7E92BD00B9B013 /* MapIntent.swift */; };
		7D68FBEB2D7E92FB00B9B013 /* MapModel.swift in Sources */ = {isa = PBXBuildFile; fileRef = 7D68FBEA2D7E92FB00B9B013 /* MapModel.swift */; };
		7D68FBED2D7E9B3300B9B013 /* StoreInfoEntities.swift in Sources */ = {isa = PBXBuildFile; fileRef = 7D68FBEC2D7E9B3300B9B013 /* StoreInfoEntities.swift */; };
		7D68FBEF2D7EA1AB00B9B013 /* PostContent.swift in Sources */ = {isa = PBXBuildFile; fileRef = 7D68FBEE2D7EA1AA00B9B013 /* PostContent.swift */; };
		7D68FBF52D7EE41B00B9B013 /* KakaoMapsSDK-SPM in Frameworks */ = {isa = PBXBuildFile; productRef = 7D68FBF42D7EE41B00B9B013 /* KakaoMapsSDK-SPM */; };
		7D68FBF92D7FF2DC00B9B013 /* DynamicHeightBottomSheet.swift in Sources */ = {isa = PBXBuildFile; fileRef = 7D68FBF82D7FF2DC00B9B013 /* DynamicHeightBottomSheet.swift */; };
		7D7E677E2D49146A0037BD36 /* KoCo_TalkApp.swift in Sources */ = {isa = PBXBuildFile; fileRef = 7D7E677D2D49146A0037BD36 /* KoCo_TalkApp.swift */; };
		7D7E67802D49146A0037BD36 /* ContentView.swift in Sources */ = {isa = PBXBuildFile; fileRef = 7D7E677F2D49146A0037BD36 /* ContentView.swift */; };
		7D7E67822D49146C0037BD36 /* Assets.xcassets in Resources */ = {isa = PBXBuildFile; fileRef = 7D7E67812D49146C0037BD36 /* Assets.xcassets */; };
		7D7E67852D49146C0037BD36 /* Preview Assets.xcassets in Resources */ = {isa = PBXBuildFile; fileRef = 7D7E67842D49146C0037BD36 /* Preview Assets.xcassets */; };
		7D7E678D2D491BCA0037BD36 /* Colors.xcassets in Resources */ = {isa = PBXBuildFile; fileRef = 7D7E678C2D491BCA0037BD36 /* Colors.xcassets */; };
		7D7E67932D491FD40037BD36 /* ChattingListView.swift in Sources */ = {isa = PBXBuildFile; fileRef = 7D7E67922D491FD40037BD36 /* ChattingListView.swift */; };
		7D7E67952D49209E0037BD36 /* ChattingRoomView.swift in Sources */ = {isa = PBXBuildFile; fileRef = 7D7E67942D49209E0037BD36 /* ChattingRoomView.swift */; };
		7D7E67972D49D1700037BD36 /* SettingsView.swift in Sources */ = {isa = PBXBuildFile; fileRef = 7D7E67962D49D1700037BD36 /* SettingsView.swift */; };
		7D7E679A2D49D34E0037BD36 /* Namespace.swift in Sources */ = {isa = PBXBuildFile; fileRef = 7D7E67992D49D34E0037BD36 /* Namespace.swift */; };
		7D7E679C2D49D5F50037BD36 /* MapView.swift in Sources */ = {isa = PBXBuildFile; fileRef = 7D7E679B2D49D5F50037BD36 /* MapView.swift */; };
		7D7E67A22D49E3630037BD36 /* NanumSquareEB.ttf in Resources */ = {isa = PBXBuildFile; fileRef = 7D7E679E2D49E3620037BD36 /* NanumSquareEB.ttf */; };
		7D7E67A32D49E3630037BD36 /* NanumSquareR.ttf in Resources */ = {isa = PBXBuildFile; fileRef = 7D7E679F2D49E3630037BD36 /* NanumSquareR.ttf */; };
		7D7E67A42D49E3630037BD36 /* NanumSquareL.ttf in Resources */ = {isa = PBXBuildFile; fileRef = 7D7E67A02D49E3630037BD36 /* NanumSquareL.ttf */; };
		7D7E67A52D49E3630037BD36 /* NanumSquareB.ttf in Resources */ = {isa = PBXBuildFile; fileRef = 7D7E67A12D49E3630037BD36 /* NanumSquareB.ttf */; };
		7D7E67A92D49F7C70037BD36 /* ChattingListRowView.swift in Sources */ = {isa = PBXBuildFile; fileRef = 7D7E67A82D49F7C70037BD36 /* ChattingListRowView.swift */; };
		7D7E67AE2D4A0C8E0037BD36 /* NetworkManager.swift in Sources */ = {isa = PBXBuildFile; fileRef = 7D7E67AD2D4A0C8E0037BD36 /* NetworkManager.swift */; };
		7D7E67B12D4A0CE30037BD36 /* Alamofire in Frameworks */ = {isa = PBXBuildFile; productRef = 7D7E67B02D4A0CE30037BD36 /* Alamofire */; };
		7D7E67B32D4A0D1F0037BD36 /* TargetType.swift in Sources */ = {isa = PBXBuildFile; fileRef = 7D7E67B22D4A0D1F0037BD36 /* TargetType.swift */; };
		7D7E67B52D4A0D4B0037BD36 /* Router.swift in Sources */ = {isa = PBXBuildFile; fileRef = 7D7E67B42D4A0D4B0037BD36 /* Router.swift */; };
		7D7E67B72D4A0D800037BD36 /* .gitignore in Resources */ = {isa = PBXBuildFile; fileRef = 7D7E67B62D4A0D800037BD36 /* .gitignore */; };
		7D7E67BB2D4A0DB90037BD36 /* APIURL.swift in Sources */ = {isa = PBXBuildFile; fileRef = 7D7E67BA2D4A0DB90037BD36 /* APIURL.swift */; };
		7D7E67BD2D4A0DC90037BD36 /* APIKEY.swift in Sources */ = {isa = PBXBuildFile; fileRef = 7D7E67BC2D4A0DC90037BD36 /* APIKEY.swift */; };
		7D7E67C02D4A0E950037BD36 /* StoreInfoResponseDTO+Mapping.swift in Sources */ = {isa = PBXBuildFile; fileRef = 7D7E67BF2D4A0E950037BD36 /* StoreInfoResponseDTO+Mapping.swift */; };
		7D7E67C32D4A0F210037BD36 /* ChatRoom.swift in Sources */ = {isa = PBXBuildFile; fileRef = 7D7E67C22D4A0F210037BD36 /* ChatRoom.swift */; };
		7D7E67C52D4A10980037BD36 /* ChatRoomResponseDTO+Mapping.swift in Sources */ = {isa = PBXBuildFile; fileRef = 7D7E67C42D4A10980037BD36 /* ChatRoomResponseDTO+Mapping.swift */; };
		7D7E67C72D4A11CB0037BD36 /* ChatContentsResponseDTO+Mapping.swift in Sources */ = {isa = PBXBuildFile; fileRef = 7D7E67C62D4A11CB0037BD36 /* ChatContentsResponseDTO+Mapping.swift */; };
		7D7E67C92D4A13010037BD36 /* ChattingListIntent.swift in Sources */ = {isa = PBXBuildFile; fileRef = 7D7E67C82D4A13010037BD36 /* ChattingListIntent.swift */; };
		7D7E67CB2D4A131F0037BD36 /* ChattingListModel.swift in Sources */ = {isa = PBXBuildFile; fileRef = 7D7E67CA2D4A131F0037BD36 /* ChattingListModel.swift */; };
		7D7E67CF2D4A137F0037BD36 /* MVIContainer.swift in Sources */ = {isa = PBXBuildFile; fileRef = 7D7E67CE2D4A137F0037BD36 /* MVIContainer.swift */; };
		7D7E67D32D4B114C0037BD36 /* ChattingEntities.swift in Sources */ = {isa = PBXBuildFile; fileRef = 7D7E67D22D4B114C0037BD36 /* ChattingEntities.swift */; };
		7D7E67D72D4B170B0037BD36 /* DateFormatter++.swift in Sources */ = {isa = PBXBuildFile; fileRef = 7D7E67D62D4B170B0037BD36 /* DateFormatter++.swift */; };
		7D7E67D92D4B2BF50037BD36 /* ChattingRoomModel.swift in Sources */ = {isa = PBXBuildFile; fileRef = 7D7E67D82D4B2BF50037BD36 /* ChattingRoomModel.swift */; };
		7D7E67DB2D4B2C030037BD36 /* ChattingRoomIntent.swift in Sources */ = {isa = PBXBuildFile; fileRef = 7D7E67DA2D4B2C030037BD36 /* ChattingRoomIntent.swift */; };
		7D7E67DE2D4C6D510037BD36 /* ChattingRoomRowView.swift in Sources */ = {isa = PBXBuildFile; fileRef = 7D7E67DD2D4C6D510037BD36 /* ChattingRoomRowView.swift */; };
		7D7E67E12D4C6FCD0037BD36 /* RoundedCorner.swift in Sources */ = {isa = PBXBuildFile; fileRef = 7D7E67E02D4C6FCD0037BD36 /* RoundedCorner.swift */; };
		7D7E67E32D4CC8320037BD36 /* SocketIOManager.swift in Sources */ = {isa = PBXBuildFile; fileRef = 7D7E67E22D4CC8320037BD36 /* SocketIOManager.swift */; };
		7D7E67E62D4CCDE90037BD36 /* SocketIO in Frameworks */ = {isa = PBXBuildFile; productRef = 7D7E67E52D4CCDE90037BD36 /* SocketIO */; };
		7D7E67E82D4CE23A0037BD36 /* String++.swift in Sources */ = {isa = PBXBuildFile; fileRef = 7D7E67E72D4CE2390037BD36 /* String++.swift */; };
		7D7E67EC2D4F532A0037BD36 /* EmailLoginView.swift in Sources */ = {isa = PBXBuildFile; fileRef = 7D7E67EB2D4F532A0037BD36 /* EmailLoginView.swift */; };
		7D7E67EF2D4F60450037BD36 /* UserDefaultsWrapper.swift in Sources */ = {isa = PBXBuildFile; fileRef = 7D7E67EE2D4F60450037BD36 /* UserDefaultsWrapper.swift */; };
		7D7E67F12D50D09D0037BD36 /* AuthResponseDTO+Mapping.swift in Sources */ = {isa = PBXBuildFile; fileRef = 7D7E67F02D50D09D0037BD36 /* AuthResponseDTO+Mapping.swift */; };
		7D7E67F32D50D1910037BD36 /* AuthEntities.swift in Sources */ = {isa = PBXBuildFile; fileRef = 7D7E67F22D50D1910037BD36 /* AuthEntities.swift */; };
		7D7E67F52D50D1D70037BD36 /* Auth.swift in Sources */ = {isa = PBXBuildFile; fileRef = 7D7E67F42D50D1D60037BD36 /* Auth.swift */; };
		7DB5D71C2D8A670900051D27 /* NetworkManager2.swift in Sources */ = {isa = PBXBuildFile; fileRef = 7DB5D71B2D8A670900051D27 /* NetworkManager2.swift */; };
		7DB5D71F2D8BC71E00051D27 /* KeyChainManager.swift in Sources */ = {isa = PBXBuildFile; fileRef = 7DB5D71E2D8BC71E00051D27 /* KeyChainManager.swift */; };
		7DB5D7232D8BE14600051D27 /* APIRequestInterceptor.swift in Sources */ = {isa = PBXBuildFile; fileRef = 7DB5D7222D8BE14600051D27 /* APIRequestInterceptor.swift */; };
		7DB5D7282D8BF57100051D27 /* MapRepository.swift in Sources */ = {isa = PBXBuildFile; fileRef = 7DB5D7272D8BF57100051D27 /* MapRepository.swift */; };
		7DB5D72A2D8BF58B00051D27 /* ChatListRepository.swift in Sources */ = {isa = PBXBuildFile; fileRef = 7DB5D7292D8BF58B00051D27 /* ChatListRepository.swift */; };
		7DB5D72C2D8BF59C00051D27 /* ChatRoomRepository.swift in Sources */ = {isa = PBXBuildFile; fileRef = 7DB5D72B2D8BF59C00051D27 /* ChatRoomRepository.swift */; };
		7DB5D72E2D8C0F3F00051D27 /* DefaultMapRepository.swift in Sources */ = {isa = PBXBuildFile; fileRef = 7DB5D72D2D8C0F3F00051D27 /* DefaultMapRepository.swift */; };
		7DB5D7302D8C0F5100051D27 /* DefaultChatListRepository.swift in Sources */ = {isa = PBXBuildFile; fileRef = 7DB5D72F2D8C0F5100051D27 /* DefaultChatListRepository.swift */; };
		7DB5D7322D8C0F7000051D27 /* DefaultChatRoomRepository.swift in Sources */ = {isa = PBXBuildFile; fileRef = 7DB5D7312D8C0F7000051D27 /* DefaultChatRoomRepository.swift */; };
		7DB5D7342D8C3A8D00051D27 /* EmailLoginIntent.swift in Sources */ = {isa = PBXBuildFile; fileRef = 7DB5D7332D8C3A8D00051D27 /* EmailLoginIntent.swift */; };
		7DB5D7362D8C3B6C00051D27 /* EmailLoginModel.swift in Sources */ = {isa = PBXBuildFile; fileRef = 7DB5D7352D8C3B6C00051D27 /* EmailLoginModel.swift */; };
		7DB5D7382D8C42B700051D27 /* AuthRepository.swift in Sources */ = {isa = PBXBuildFile; fileRef = 7DB5D7372D8C42B700051D27 /* AuthRepository.swift */; };
		7DB5D73A2D8C42CB00051D27 /* DefaultAuthRepository.swift in Sources */ = {isa = PBXBuildFile; fileRef = 7DB5D7392D8C42CB00051D27 /* DefaultAuthRepository.swift */; };
/* End PBXBuildFile section */

/* Begin PBXCopyFilesBuildPhase section */
		7D28618A2D812CD50015DD37 /* Embed Frameworks */ = {
			isa = PBXCopyFilesBuildPhase;
			buildActionMask = 2147483647;
			dstPath = "";
			dstSubfolderSpec = 10;
			files = (
				7D2861892D812CD50015DD37 /* RealmSwift in Embed Frameworks */,
			);
			name = "Embed Frameworks";
			runOnlyForDeploymentPostprocessing = 0;
		};
/* End PBXCopyFilesBuildPhase section */

/* Begin PBXFileReference section */
		7D25133D2D880AE2005850B9 /* UserProfileView.swift */ = {isa = PBXFileReference; lastKnownFileType = sourcecode.swift; path = UserProfileView.swift; sourceTree = "<group>"; };
		7D2861822D8054720015DD37 /* StoreInfoView.swift */ = {isa = PBXFileReference; lastKnownFileType = sourcecode.swift; path = StoreInfoView.swift; sourceTree = "<group>"; };
		7D2861842D8070890015DD37 /* StoreInfoHeaderView.swift */ = {isa = PBXFileReference; lastKnownFileType = sourcecode.swift; path = StoreInfoHeaderView.swift; sourceTree = "<group>"; };
		7D2861872D8072F10015DD37 /* IconCircleBackgroudView.swift */ = {isa = PBXFileReference; lastKnownFileType = sourcecode.swift; path = IconCircleBackgroudView.swift; sourceTree = "<group>"; };
		7D28618B2D813E140015DD37 /* StoreInfoTypeIconsView.swift */ = {isa = PBXFileReference; lastKnownFileType = sourcecode.swift; path = StoreInfoTypeIconsView.swift; sourceTree = "<group>"; };
		7D28618D2D814BED0015DD37 /* StoreInfoButtonsView.swift */ = {isa = PBXFileReference; lastKnownFileType = sourcecode.swift; path = StoreInfoButtonsView.swift; sourceTree = "<group>"; };
		7D28618F2D8156270015DD37 /* CustomFontModifier.swift */ = {isa = PBXFileReference; lastKnownFileType = sourcecode.swift; path = CustomFontModifier.swift; sourceTree = "<group>"; };
		7D2861942D816B3D0015DD37 /* KakaoMapView.swift */ = {isa = PBXFileReference; lastKnownFileType = sourcecode.swift; path = KakaoMapView.swift; sourceTree = "<group>"; };
		7D2861962D816B5A0015DD37 /* KakaoMapCoordinator.swift */ = {isa = PBXFileReference; lastKnownFileType = sourcecode.swift; path = KakaoMapCoordinator.swift; sourceTree = "<group>"; };
		7D2861982D8173700015DD37 /* LocationManager.swift */ = {isa = PBXFileReference; lastKnownFileType = sourcecode.swift; path = LocationManager.swift; sourceTree = "<group>"; };
		7D28619A2D82A9000015DD37 /* StoreDetailInformantionlView.swift */ = {isa = PBXFileReference; lastKnownFileType = sourcecode.swift; path = StoreDetailInformantionlView.swift; sourceTree = "<group>"; };
		7D2861A02D84257C0015DD37 /* StoreInfoRegisterView.swift */ = {isa = PBXFileReference; lastKnownFileType = sourcecode.swift; path = StoreInfoRegisterView.swift; sourceTree = "<group>"; };
		7D6007EB2D8911EB00363A9A /* UserInfoResponseDTO+Mapping.swift */ = {isa = PBXFileReference; lastKnownFileType = sourcecode.swift; path = "UserInfoResponseDTO+Mapping.swift"; sourceTree = "<group>"; };
		7D6007ED2D89122A00363A9A /* UserInfo.swift */ = {isa = PBXFileReference; lastKnownFileType = sourcecode.swift; path = UserInfo.swift; sourceTree = "<group>"; };
		7D68FBB92D73174400B9B013 /* BaisicAsyncImage.swift */ = {isa = PBXFileReference; lastKnownFileType = sourcecode.swift; path = BaisicAsyncImage.swift; sourceTree = "<group>"; };
		7D68FBBE2D7579D300B9B013 /* KeyboardModifier.swift */ = {isa = PBXFileReference; lastKnownFileType = sourcecode.swift; path = KeyboardModifier.swift; sourceTree = "<group>"; };
		7D68FBC02D757A1500B9B013 /* View++.swift */ = {isa = PBXFileReference; lastKnownFileType = sourcecode.swift; path = "View++.swift"; sourceTree = "<group>"; };
		7D68FBC22D75AB8700B9B013 /* OrientationManager.swift */ = {isa = PBXFileReference; lastKnownFileType = sourcecode.swift; path = OrientationManager.swift; sourceTree = "<group>"; };
		7D68FBC52D75E58800B9B013 /* AppDelegate.swift */ = {isa = PBXFileReference; lastKnownFileType = sourcecode.swift; path = AppDelegate.swift; sourceTree = "<group>"; };
		7D68FBC82D76E88500B9B013 /* PhotoSelectView.swift */ = {isa = PBXFileReference; lastKnownFileType = sourcecode.swift; path = PhotoSelectView.swift; sourceTree = "<group>"; };
		7D68FBCD2D76ED8F00B9B013 /* PhotoGridItem.swift */ = {isa = PBXFileReference; lastKnownFileType = sourcecode.swift; path = PhotoGridItem.swift; sourceTree = "<group>"; };
		7D68FBD12D77528600B9B013 /* BottomSheetView.swift */ = {isa = PBXFileReference; lastKnownFileType = sourcecode.swift; path = BottomSheetView.swift; sourceTree = "<group>"; };
		7D68FBD32D79D41600B9B013 /* FileResponse.swift */ = {isa = PBXFileReference; lastKnownFileType = sourcecode.swift; path = FileResponse.swift; sourceTree = "<group>"; };
		7D68FBD52D79D6D400B9B013 /* PHAsset++.swift */ = {isa = PBXFileReference; lastKnownFileType = sourcecode.swift; path = "PHAsset++.swift"; sourceTree = "<group>"; };
		7D68FBD72D7C096700B9B013 /* HeaderAsyncImage.swift */ = {isa = PBXFileReference; lastKnownFileType = sourcecode.swift; path = HeaderAsyncImage.swift; sourceTree = "<group>"; };
		7D68FBD92D7C187000B9B013 /* ImageLoader.swift */ = {isa = PBXFileReference; lastKnownFileType = sourcecode.swift; path = ImageLoader.swift; sourceTree = "<group>"; };
		7D68FBDE2D7D3EDF00B9B013 /* BaseRealmManager.swift */ = {isa = PBXFileReference; lastKnownFileType = sourcecode.swift; path = BaseRealmManager.swift; sourceTree = "<group>"; };
		7D68FBE42D7D4E6200B9B013 /* RealmChatContent.swift */ = {isa = PBXFileReference; lastKnownFileType = sourcecode.swift; path = RealmChatContent.swift; sourceTree = "<group>"; };
		7D68FBE62D7D5C6D00B9B013 /* ChatRealmManager.swift */ = {isa = PBXFileReference; lastKnownFileType = sourcecode.swift; path = ChatRealmManager.swift; sourceTree = "<group>"; };
		7D68FBE82D7E92BD00B9B013 /* MapIntent.swift */ = {isa = PBXFileReference; lastKnownFileType = sourcecode.swift; path = MapIntent.swift; sourceTree = "<group>"; };
		7D68FBEA2D7E92FB00B9B013 /* MapModel.swift */ = {isa = PBXFileReference; lastKnownFileType = sourcecode.swift; path = MapModel.swift; sourceTree = "<group>"; };
		7D68FBEC2D7E9B3300B9B013 /* StoreInfoEntities.swift */ = {isa = PBXFileReference; lastKnownFileType = sourcecode.swift; path = StoreInfoEntities.swift; sourceTree = "<group>"; };
		7D68FBEE2D7EA1AA00B9B013 /* PostContent.swift */ = {isa = PBXFileReference; lastKnownFileType = sourcecode.swift; path = PostContent.swift; sourceTree = "<group>"; };
		7D68FBF82D7FF2DC00B9B013 /* DynamicHeightBottomSheet.swift */ = {isa = PBXFileReference; lastKnownFileType = sourcecode.swift; path = DynamicHeightBottomSheet.swift; sourceTree = "<group>"; };
		7D7E677A2D49146A0037BD36 /* KoCo-Talk.app */ = {isa = PBXFileReference; explicitFileType = wrapper.application; includeInIndex = 0; path = "KoCo-Talk.app"; sourceTree = BUILT_PRODUCTS_DIR; };
		7D7E677D2D49146A0037BD36 /* KoCo_TalkApp.swift */ = {isa = PBXFileReference; lastKnownFileType = sourcecode.swift; path = KoCo_TalkApp.swift; sourceTree = "<group>"; };
		7D7E677F2D49146A0037BD36 /* ContentView.swift */ = {isa = PBXFileReference; lastKnownFileType = sourcecode.swift; path = ContentView.swift; sourceTree = "<group>"; };
		7D7E67812D49146C0037BD36 /* Assets.xcassets */ = {isa = PBXFileReference; lastKnownFileType = folder.assetcatalog; path = Assets.xcassets; sourceTree = "<group>"; };
		7D7E67842D49146C0037BD36 /* Preview Assets.xcassets */ = {isa = PBXFileReference; lastKnownFileType = folder.assetcatalog; path = "Preview Assets.xcassets"; sourceTree = "<group>"; };
		7D7E678C2D491BCA0037BD36 /* Colors.xcassets */ = {isa = PBXFileReference; lastKnownFileType = folder.assetcatalog; path = Colors.xcassets; sourceTree = "<group>"; };
		7D7E67922D491FD40037BD36 /* ChattingListView.swift */ = {isa = PBXFileReference; lastKnownFileType = sourcecode.swift; path = ChattingListView.swift; sourceTree = "<group>"; };
		7D7E67942D49209E0037BD36 /* ChattingRoomView.swift */ = {isa = PBXFileReference; lastKnownFileType = sourcecode.swift; path = ChattingRoomView.swift; sourceTree = "<group>"; };
		7D7E67962D49D1700037BD36 /* SettingsView.swift */ = {isa = PBXFileReference; lastKnownFileType = sourcecode.swift; path = SettingsView.swift; sourceTree = "<group>"; };
		7D7E67992D49D34E0037BD36 /* Namespace.swift */ = {isa = PBXFileReference; lastKnownFileType = sourcecode.swift; path = Namespace.swift; sourceTree = "<group>"; };
		7D7E679B2D49D5F50037BD36 /* MapView.swift */ = {isa = PBXFileReference; lastKnownFileType = sourcecode.swift; path = MapView.swift; sourceTree = "<group>"; };
		7D7E679E2D49E3620037BD36 /* NanumSquareEB.ttf */ = {isa = PBXFileReference; lastKnownFileType = file; path = NanumSquareEB.ttf; sourceTree = "<group>"; };
		7D7E679F2D49E3630037BD36 /* NanumSquareR.ttf */ = {isa = PBXFileReference; lastKnownFileType = file; path = NanumSquareR.ttf; sourceTree = "<group>"; };
		7D7E67A02D49E3630037BD36 /* NanumSquareL.ttf */ = {isa = PBXFileReference; lastKnownFileType = file; path = NanumSquareL.ttf; sourceTree = "<group>"; };
		7D7E67A12D49E3630037BD36 /* NanumSquareB.ttf */ = {isa = PBXFileReference; lastKnownFileType = file; path = NanumSquareB.ttf; sourceTree = "<group>"; };
		7D7E67A62D49E3C80037BD36 /* Info.plist */ = {isa = PBXFileReference; lastKnownFileType = text.plist; path = Info.plist; sourceTree = "<group>"; };
		7D7E67A82D49F7C70037BD36 /* ChattingListRowView.swift */ = {isa = PBXFileReference; lastKnownFileType = sourcecode.swift; path = ChattingListRowView.swift; sourceTree = "<group>"; };
		7D7E67AD2D4A0C8E0037BD36 /* NetworkManager.swift */ = {isa = PBXFileReference; lastKnownFileType = sourcecode.swift; path = NetworkManager.swift; sourceTree = "<group>"; };
		7D7E67B22D4A0D1F0037BD36 /* TargetType.swift */ = {isa = PBXFileReference; lastKnownFileType = sourcecode.swift; path = TargetType.swift; sourceTree = "<group>"; };
		7D7E67B42D4A0D4B0037BD36 /* Router.swift */ = {isa = PBXFileReference; lastKnownFileType = sourcecode.swift; path = Router.swift; sourceTree = "<group>"; };
		7D7E67B62D4A0D800037BD36 /* .gitignore */ = {isa = PBXFileReference; lastKnownFileType = text; path = .gitignore; sourceTree = "<group>"; };
		7D7E67BA2D4A0DB90037BD36 /* APIURL.swift */ = {isa = PBXFileReference; lastKnownFileType = sourcecode.swift; path = APIURL.swift; sourceTree = "<group>"; };
		7D7E67BC2D4A0DC90037BD36 /* APIKEY.swift */ = {isa = PBXFileReference; lastKnownFileType = sourcecode.swift; path = APIKEY.swift; sourceTree = "<group>"; };
		7D7E67BF2D4A0E950037BD36 /* StoreInfoResponseDTO+Mapping.swift */ = {isa = PBXFileReference; lastKnownFileType = sourcecode.swift; path = "StoreInfoResponseDTO+Mapping.swift"; sourceTree = "<group>"; };
		7D7E67C22D4A0F210037BD36 /* ChatRoom.swift */ = {isa = PBXFileReference; lastKnownFileType = sourcecode.swift; path = ChatRoom.swift; sourceTree = "<group>"; };
		7D7E67C42D4A10980037BD36 /* ChatRoomResponseDTO+Mapping.swift */ = {isa = PBXFileReference; lastKnownFileType = sourcecode.swift; path = "ChatRoomResponseDTO+Mapping.swift"; sourceTree = "<group>"; };
		7D7E67C62D4A11CB0037BD36 /* ChatContentsResponseDTO+Mapping.swift */ = {isa = PBXFileReference; lastKnownFileType = sourcecode.swift; path = "ChatContentsResponseDTO+Mapping.swift"; sourceTree = "<group>"; };
		7D7E67C82D4A13010037BD36 /* ChattingListIntent.swift */ = {isa = PBXFileReference; lastKnownFileType = sourcecode.swift; path = ChattingListIntent.swift; sourceTree = "<group>"; };
		7D7E67CA2D4A131F0037BD36 /* ChattingListModel.swift */ = {isa = PBXFileReference; lastKnownFileType = sourcecode.swift; path = ChattingListModel.swift; sourceTree = "<group>"; };
		7D7E67CE2D4A137F0037BD36 /* MVIContainer.swift */ = {isa = PBXFileReference; lastKnownFileType = sourcecode.swift; path = MVIContainer.swift; sourceTree = "<group>"; };
		7D7E67D22D4B114C0037BD36 /* ChattingEntities.swift */ = {isa = PBXFileReference; lastKnownFileType = sourcecode.swift; path = ChattingEntities.swift; sourceTree = "<group>"; };
		7D7E67D62D4B170B0037BD36 /* DateFormatter++.swift */ = {isa = PBXFileReference; lastKnownFileType = sourcecode.swift; path = "DateFormatter++.swift"; sourceTree = "<group>"; };
		7D7E67D82D4B2BF50037BD36 /* ChattingRoomModel.swift */ = {isa = PBXFileReference; lastKnownFileType = sourcecode.swift; path = ChattingRoomModel.swift; sourceTree = "<group>"; };
		7D7E67DA2D4B2C030037BD36 /* ChattingRoomIntent.swift */ = {isa = PBXFileReference; lastKnownFileType = sourcecode.swift; path = ChattingRoomIntent.swift; sourceTree = "<group>"; };
		7D7E67DD2D4C6D510037BD36 /* ChattingRoomRowView.swift */ = {isa = PBXFileReference; lastKnownFileType = sourcecode.swift; path = ChattingRoomRowView.swift; sourceTree = "<group>"; };
		7D7E67E02D4C6FCD0037BD36 /* RoundedCorner.swift */ = {isa = PBXFileReference; lastKnownFileType = sourcecode.swift; path = RoundedCorner.swift; sourceTree = "<group>"; };
		7D7E67E22D4CC8320037BD36 /* SocketIOManager.swift */ = {isa = PBXFileReference; lastKnownFileType = sourcecode.swift; path = SocketIOManager.swift; sourceTree = "<group>"; };
		7D7E67E72D4CE2390037BD36 /* String++.swift */ = {isa = PBXFileReference; lastKnownFileType = sourcecode.swift; path = "String++.swift"; sourceTree = "<group>"; };
		7D7E67EB2D4F532A0037BD36 /* EmailLoginView.swift */ = {isa = PBXFileReference; lastKnownFileType = sourcecode.swift; path = EmailLoginView.swift; sourceTree = "<group>"; };
		7D7E67EE2D4F60450037BD36 /* UserDefaultsWrapper.swift */ = {isa = PBXFileReference; lastKnownFileType = sourcecode.swift; path = UserDefaultsWrapper.swift; sourceTree = "<group>"; };
		7D7E67F02D50D09D0037BD36 /* AuthResponseDTO+Mapping.swift */ = {isa = PBXFileReference; lastKnownFileType = sourcecode.swift; path = "AuthResponseDTO+Mapping.swift"; sourceTree = "<group>"; };
		7D7E67F22D50D1910037BD36 /* AuthEntities.swift */ = {isa = PBXFileReference; lastKnownFileType = sourcecode.swift; path = AuthEntities.swift; sourceTree = "<group>"; };
		7D7E67F42D50D1D60037BD36 /* Auth.swift */ = {isa = PBXFileReference; lastKnownFileType = sourcecode.swift; path = Auth.swift; sourceTree = "<group>"; };
		7DB5D71B2D8A670900051D27 /* NetworkManager2.swift */ = {isa = PBXFileReference; lastKnownFileType = sourcecode.swift; path = NetworkManager2.swift; sourceTree = "<group>"; };
		7DB5D71E2D8BC71E00051D27 /* KeyChainManager.swift */ = {isa = PBXFileReference; lastKnownFileType = sourcecode.swift; path = KeyChainManager.swift; sourceTree = "<group>"; };
		7DB5D7222D8BE14600051D27 /* APIRequestInterceptor.swift */ = {isa = PBXFileReference; lastKnownFileType = sourcecode.swift; path = APIRequestInterceptor.swift; sourceTree = "<group>"; };
		7DB5D7272D8BF57100051D27 /* MapRepository.swift */ = {isa = PBXFileReference; lastKnownFileType = sourcecode.swift; path = MapRepository.swift; sourceTree = "<group>"; };
		7DB5D7292D8BF58B00051D27 /* ChatListRepository.swift */ = {isa = PBXFileReference; lastKnownFileType = sourcecode.swift; path = ChatListRepository.swift; sourceTree = "<group>"; };
		7DB5D72B2D8BF59C00051D27 /* ChatRoomRepository.swift */ = {isa = PBXFileReference; lastKnownFileType = sourcecode.swift; path = ChatRoomRepository.swift; sourceTree = "<group>"; };
		7DB5D72D2D8C0F3F00051D27 /* DefaultMapRepository.swift */ = {isa = PBXFileReference; lastKnownFileType = sourcecode.swift; path = DefaultMapRepository.swift; sourceTree = "<group>"; };
		7DB5D72F2D8C0F5100051D27 /* DefaultChatListRepository.swift */ = {isa = PBXFileReference; lastKnownFileType = sourcecode.swift; path = DefaultChatListRepository.swift; sourceTree = "<group>"; };
		7DB5D7312D8C0F7000051D27 /* DefaultChatRoomRepository.swift */ = {isa = PBXFileReference; lastKnownFileType = sourcecode.swift; path = DefaultChatRoomRepository.swift; sourceTree = "<group>"; };
		7DB5D7332D8C3A8D00051D27 /* EmailLoginIntent.swift */ = {isa = PBXFileReference; lastKnownFileType = sourcecode.swift; path = EmailLoginIntent.swift; sourceTree = "<group>"; };
		7DB5D7352D8C3B6C00051D27 /* EmailLoginModel.swift */ = {isa = PBXFileReference; lastKnownFileType = sourcecode.swift; path = EmailLoginModel.swift; sourceTree = "<group>"; };
		7DB5D7372D8C42B700051D27 /* AuthRepository.swift */ = {isa = PBXFileReference; lastKnownFileType = sourcecode.swift; path = AuthRepository.swift; sourceTree = "<group>"; };
		7DB5D7392D8C42CB00051D27 /* DefaultAuthRepository.swift */ = {isa = PBXFileReference; lastKnownFileType = sourcecode.swift; path = DefaultAuthRepository.swift; sourceTree = "<group>"; };
/* End PBXFileReference section */

/* Begin PBXFrameworksBuildPhase section */
		7D7E67772D49146A0037BD36 /* Frameworks */ = {
			isa = PBXFrameworksBuildPhase;
			buildActionMask = 2147483647;
			files = (
				7D68FBE22D7D3F3F00B9B013 /* RealmSwift in Frameworks */,
				7D7E67B12D4A0CE30037BD36 /* Alamofire in Frameworks */,
				7D7E67E62D4CCDE90037BD36 /* SocketIO in Frameworks */,
				7D68FBF52D7EE41B00B9B013 /* KakaoMapsSDK-SPM in Frameworks */,
			);
			runOnlyForDeploymentPostprocessing = 0;
		};
/* End PBXFrameworksBuildPhase section */

/* Begin PBXGroup section */
		7D25133C2D880AA9005850B9 /* UserProfile */ = {
			isa = PBXGroup;
			children = (
				7D25133D2D880AE2005850B9 /* UserProfileView.swift */,
			);
			path = UserProfile;
			sourceTree = "<group>";
		};
		7D2861812D8054540015DD37 /* StoreInfo */ = {
			isa = PBXGroup;
			children = (
				7D2861822D8054720015DD37 /* StoreInfoView.swift */,
				7D2861842D8070890015DD37 /* StoreInfoHeaderView.swift */,
				7D28618B2D813E140015DD37 /* StoreInfoTypeIconsView.swift */,
				7D28618D2D814BED0015DD37 /* StoreInfoButtonsView.swift */,
				7D28619A2D82A9000015DD37 /* StoreDetailInformantionlView.swift */,
			);
			path = StoreInfo;
			sourceTree = "<group>";
		};
		7D2861862D8072E40015DD37 /* Icon */ = {
			isa = PBXGroup;
			children = (
				7D2861872D8072F10015DD37 /* IconCircleBackgroudView.swift */,
			);
			path = Icon;
			sourceTree = "<group>";
		};
		7D2861932D816B320015DD37 /* KakaoMap */ = {
			isa = PBXGroup;
			children = (
				7D2861942D816B3D0015DD37 /* KakaoMapView.swift */,
				7D2861962D816B5A0015DD37 /* KakaoMapCoordinator.swift */,
			);
			path = KakaoMap;
			sourceTree = "<group>";
		};
		7D28619F2D8425240015DD37 /* StoreInfoRegister */ = {
			isa = PBXGroup;
			children = (
				7D2861A02D84257C0015DD37 /* StoreInfoRegisterView.swift */,
			);
			path = StoreInfoRegister;
			sourceTree = "<group>";
		};
		7D68FBB82D73173900B9B013 /* Image */ = {
			isa = PBXGroup;
			children = (
				7D68FBB92D73174400B9B013 /* BaisicAsyncImage.swift */,
				7D68FBD72D7C096700B9B013 /* HeaderAsyncImage.swift */,
				7D68FBD92D7C187000B9B013 /* ImageLoader.swift */,
			);
			path = Image;
			sourceTree = "<group>";
		};
		7D68FBBB2D75799D00B9B013 /* CustomViewModifier */ = {
			isa = PBXGroup;
			children = (
				7D68FBBE2D7579D300B9B013 /* KeyboardModifier.swift */,
				7D28618F2D8156270015DD37 /* CustomFontModifier.swift */,
			);
			path = CustomViewModifier;
			sourceTree = "<group>";
		};
		7D68FBC42D75E57500B9B013 /* Application */ = {
			isa = PBXGroup;
			children = (
				7D68FBC52D75E58800B9B013 /* AppDelegate.swift */,
			);
			path = Application;
			sourceTree = "<group>";
		};
		7D68FBC72D76E86D00B9B013 /* PhotoSelect */ = {
			isa = PBXGroup;
			children = (
				7D68FBC82D76E88500B9B013 /* PhotoSelectView.swift */,
				7D68FBCD2D76ED8F00B9B013 /* PhotoGridItem.swift */,
			);
			path = PhotoSelect;
			sourceTree = "<group>";
		};
		7D68FBCC2D76ECE600B9B013 /* BottomSheet */ = {
			isa = PBXGroup;
			children = (
				7D68FBD12D77528600B9B013 /* BottomSheetView.swift */,
				7D68FBF82D7FF2DC00B9B013 /* DynamicHeightBottomSheet.swift */,
			);
			path = BottomSheet;
			sourceTree = "<group>";
		};
		7D68FBDC2D7D3DD200B9B013 /* UserDefaults */ = {
			isa = PBXGroup;
			children = (
				7D7E67EE2D4F60450037BD36 /* UserDefaultsWrapper.swift */,
			);
			path = UserDefaults;
			sourceTree = "<group>";
		};
		7D68FBDD2D7D3DE300B9B013 /* Realm */ = {
			isa = PBXGroup;
			children = (
				7D68FBE32D7D4D1700B9B013 /* Models */,
				7D68FBDE2D7D3EDF00B9B013 /* BaseRealmManager.swift */,
				7D68FBE62D7D5C6D00B9B013 /* ChatRealmManager.swift */,
			);
			path = Realm;
			sourceTree = "<group>";
		};
		7D68FBE32D7D4D1700B9B013 /* Models */ = {
			isa = PBXGroup;
			children = (
				7D68FBE42D7D4E6200B9B013 /* RealmChatContent.swift */,
			);
			path = Models;
			sourceTree = "<group>";
		};
		7D7E67712D49146A0037BD36 = {
			isa = PBXGroup;
			children = (
				7D7E67B62D4A0D800037BD36 /* .gitignore */,
				7D7E677C2D49146A0037BD36 /* KoCo-Talk */,
				7D7E677B2D49146A0037BD36 /* Products */,
			);
			sourceTree = "<group>";
		};
		7D7E677B2D49146A0037BD36 /* Products */ = {
			isa = PBXGroup;
			children = (
				7D7E677A2D49146A0037BD36 /* KoCo-Talk.app */,
			);
			name = Products;
			sourceTree = "<group>";
		};
		7D7E677C2D49146A0037BD36 /* KoCo-Talk */ = {
			isa = PBXGroup;
			children = (
				7DB5D7242D8BF2ED00051D27 /* Domain */,
				7D68FBC42D75E57500B9B013 /* Application */,
				7D7E67D42D4B16FD0037BD36 /* Common */,
				7D7E67AA2D4A0C2D0037BD36 /* Data */,
				7D7E67A62D49E3C80037BD36 /* Info.plist */,
				7D7E678E2D491E0A0037BD36 /* Presentation */,
				7D7E678B2D491BB30037BD36 /* Resources */,
				7D7E677D2D49146A0037BD36 /* KoCo_TalkApp.swift */,
				7D7E677F2D49146A0037BD36 /* ContentView.swift */,
				7D7E67832D49146C0037BD36 /* Preview Content */,
			);
			path = "KoCo-Talk";
			sourceTree = "<group>";
		};
		7D7E67832D49146C0037BD36 /* Preview Content */ = {
			isa = PBXGroup;
			children = (
				7D7E67842D49146C0037BD36 /* Preview Assets.xcassets */,
			);
			path = "Preview Content";
			sourceTree = "<group>";
		};
		7D7E678B2D491BB30037BD36 /* Resources */ = {
			isa = PBXGroup;
			children = (
				7D7E679D2D49E0BE0037BD36 /* Fonts */,
				7D7E67812D49146C0037BD36 /* Assets.xcassets */,
				7D7E678C2D491BCA0037BD36 /* Colors.xcassets */,
				7D7E67992D49D34E0037BD36 /* Namespace.swift */,
			);
			path = Resources;
			sourceTree = "<group>";
		};
		7D7E678E2D491E0A0037BD36 /* Presentation */ = {
			isa = PBXGroup;
			children = (
				7D25133C2D880AA9005850B9 /* UserProfile */,
				7D28619F2D8425240015DD37 /* StoreInfoRegister */,
				7D2861812D8054540015DD37 /* StoreInfo */,
				7D68FBBB2D75799D00B9B013 /* CustomViewModifier */,
				7D7E67DF2D4C6FAD0037BD36 /* Components */,
				7D7E67CD2D4A135C0037BD36 /* Base */,
				7D7E67E92D4F51240037BD36 /* Auth */,
				7D7E67A72D49F7B00037BD36 /* ChattingRoom */,
				7D7E67912D491EA80037BD36 /* Settings */,
				7D7E67902D491E730037BD36 /* Map */,
				7D7E678F2D491E6A0037BD36 /* ChattingList */,
			);
			path = Presentation;
			sourceTree = "<group>";
		};
		7D7E678F2D491E6A0037BD36 /* ChattingList */ = {
			isa = PBXGroup;
			children = (
				7D7E67922D491FD40037BD36 /* ChattingListView.swift */,
				7D7E67A82D49F7C70037BD36 /* ChattingListRowView.swift */,
				7D7E67C82D4A13010037BD36 /* ChattingListIntent.swift */,
				7D7E67CA2D4A131F0037BD36 /* ChattingListModel.swift */,
			);
			path = ChattingList;
			sourceTree = "<group>";
		};
		7D7E67902D491E730037BD36 /* Map */ = {
			isa = PBXGroup;
			children = (
				7D2861932D816B320015DD37 /* KakaoMap */,
				7D7E679B2D49D5F50037BD36 /* MapView.swift */,
				7D68FBEA2D7E92FB00B9B013 /* MapModel.swift */,
				7D68FBE82D7E92BD00B9B013 /* MapIntent.swift */,
				7D2861982D8173700015DD37 /* LocationManager.swift */,
			);
			path = Map;
			sourceTree = "<group>";
		};
		7D7E67912D491EA80037BD36 /* Settings */ = {
			isa = PBXGroup;
			children = (
				7D7E67962D49D1700037BD36 /* SettingsView.swift */,
			);
			path = Settings;
			sourceTree = "<group>";
		};
		7D7E679D2D49E0BE0037BD36 /* Fonts */ = {
			isa = PBXGroup;
			children = (
				7D7E67A12D49E3630037BD36 /* NanumSquareB.ttf */,
				7D7E679E2D49E3620037BD36 /* NanumSquareEB.ttf */,
				7D7E67A02D49E3630037BD36 /* NanumSquareL.ttf */,
				7D7E679F2D49E3630037BD36 /* NanumSquareR.ttf */,
			);
			path = Fonts;
			sourceTree = "<group>";
		};
		7D7E67A72D49F7B00037BD36 /* ChattingRoom */ = {
			isa = PBXGroup;
			children = (
				7D7E67DC2D4C6B630037BD36 /* ChattingRoomRow */,
				7D7E67942D49209E0037BD36 /* ChattingRoomView.swift */,
				7D7E67D82D4B2BF50037BD36 /* ChattingRoomModel.swift */,
				7D7E67DA2D4B2C030037BD36 /* ChattingRoomIntent.swift */,
			);
			path = ChattingRoom;
			sourceTree = "<group>";
		};
		7D7E67AA2D4A0C2D0037BD36 /* Data */ = {
			isa = PBXGroup;
			children = (
				7DB5D7262D8BF50A00051D27 /* Repository */,
				7D7E67ED2D4F60250037BD36 /* LocalData */,
				7D7E67D02D4B10D60037BD36 /* Domain */,
				7D7E67AB2D4A0C570037BD36 /* RemoteData */,
			);
			path = Data;
			sourceTree = "<group>";
		};
		7D7E67AB2D4A0C570037BD36 /* RemoteData */ = {
			isa = PBXGroup;
			children = (
				7D7E67C12D4A0EF60037BD36 /* RequestModel */,
				7D7E67BE2D4A0E3F0037BD36 /* DataMapping */,
				7D7E67AC2D4A0C5A0037BD36 /* Networking */,
			);
			path = RemoteData;
			sourceTree = "<group>";
		};
		7D7E67AC2D4A0C5A0037BD36 /* Networking */ = {
			isa = PBXGroup;
			children = (
				7D7E67AD2D4A0C8E0037BD36 /* NetworkManager.swift */,
				7D7E67B22D4A0D1F0037BD36 /* TargetType.swift */,
				7D7E67B42D4A0D4B0037BD36 /* Router.swift */,
				7D7E67BA2D4A0DB90037BD36 /* APIURL.swift */,
				7D7E67BC2D4A0DC90037BD36 /* APIKEY.swift */,
				7D7E67E22D4CC8320037BD36 /* SocketIOManager.swift */,
				7DB5D71B2D8A670900051D27 /* NetworkManager2.swift */,
				7DB5D7222D8BE14600051D27 /* APIRequestInterceptor.swift */,
			);
			path = Networking;
			sourceTree = "<group>";
		};
		7D7E67BE2D4A0E3F0037BD36 /* DataMapping */ = {
			isa = PBXGroup;
			children = (
				7D7E67BF2D4A0E950037BD36 /* StoreInfoResponseDTO+Mapping.swift */,
				7D7E67C42D4A10980037BD36 /* ChatRoomResponseDTO+Mapping.swift */,
				7D7E67C62D4A11CB0037BD36 /* ChatContentsResponseDTO+Mapping.swift */,
				7D7E67F02D50D09D0037BD36 /* AuthResponseDTO+Mapping.swift */,
				7D68FBD32D79D41600B9B013 /* FileResponse.swift */,
				7D6007EB2D8911EB00363A9A /* UserInfoResponseDTO+Mapping.swift */,
			);
			path = DataMapping;
			sourceTree = "<group>";
		};
		7D7E67C12D4A0EF60037BD36 /* RequestModel */ = {
			isa = PBXGroup;
			children = (
				7D7E67C22D4A0F210037BD36 /* ChatRoom.swift */,
				7D7E67F42D50D1D60037BD36 /* Auth.swift */,
				7D68FBEE2D7EA1AA00B9B013 /* PostContent.swift */,
				7D6007ED2D89122A00363A9A /* UserInfo.swift */,
			);
			path = RequestModel;
			sourceTree = "<group>";
		};
		7D7E67CD2D4A135C0037BD36 /* Base */ = {
			isa = PBXGroup;
			children = (
				7D7E67CE2D4A137F0037BD36 /* MVIContainer.swift */,
			);
			path = Base;
			sourceTree = "<group>";
		};
		7D7E67D02D4B10D60037BD36 /* Domain */ = {
			isa = PBXGroup;
			children = (
				7D7E67D12D4B10E10037BD36 /* Entities */,
			);
			path = Domain;
			sourceTree = "<group>";
		};
		7D7E67D12D4B10E10037BD36 /* Entities */ = {
			isa = PBXGroup;
			children = (
				7D7E67D22D4B114C0037BD36 /* ChattingEntities.swift */,
				7D7E67F22D50D1910037BD36 /* AuthEntities.swift */,
				7D68FBEC2D7E9B3300B9B013 /* StoreInfoEntities.swift */,
			);
			path = Entities;
			sourceTree = "<group>";
		};
		7D7E67D42D4B16FD0037BD36 /* Common */ = {
			isa = PBXGroup;
			children = (
				7D7E67D52D4B17020037BD36 /* Extensions */,
				7D68FBC22D75AB8700B9B013 /* OrientationManager.swift */,
			);
			path = Common;
			sourceTree = "<group>";
		};
		7D7E67D52D4B17020037BD36 /* Extensions */ = {
			isa = PBXGroup;
			children = (
				7D7E67D62D4B170B0037BD36 /* DateFormatter++.swift */,
				7D7E67E72D4CE2390037BD36 /* String++.swift */,
				7D68FBC02D757A1500B9B013 /* View++.swift */,
				7D68FBD52D79D6D400B9B013 /* PHAsset++.swift */,
			);
			path = Extensions;
			sourceTree = "<group>";
		};
		7D7E67DC2D4C6B630037BD36 /* ChattingRoomRow */ = {
			isa = PBXGroup;
			children = (
				7D7E67DD2D4C6D510037BD36 /* ChattingRoomRowView.swift */,
			);
			path = ChattingRoomRow;
			sourceTree = "<group>";
		};
		7D7E67DF2D4C6FAD0037BD36 /* Components */ = {
			isa = PBXGroup;
			children = (
				7D2861862D8072E40015DD37 /* Icon */,
				7D68FBCC2D76ECE600B9B013 /* BottomSheet */,
				7D68FBC72D76E86D00B9B013 /* PhotoSelect */,
				7D68FBB82D73173900B9B013 /* Image */,
				7D7E67E02D4C6FCD0037BD36 /* RoundedCorner.swift */,
			);
			path = Components;
			sourceTree = "<group>";
		};
		7D7E67E92D4F51240037BD36 /* Auth */ = {
			isa = PBXGroup;
			children = (
				7D7E67EA2D4F512A0037BD36 /* Login */,
			);
			path = Auth;
			sourceTree = "<group>";
		};
		7D7E67EA2D4F512A0037BD36 /* Login */ = {
			isa = PBXGroup;
			children = (
				7D7E67EB2D4F532A0037BD36 /* EmailLoginView.swift */,
				7DB5D7332D8C3A8D00051D27 /* EmailLoginIntent.swift */,
				7DB5D7352D8C3B6C00051D27 /* EmailLoginModel.swift */,
			);
			path = Login;
			sourceTree = "<group>";
		};
		7D7E67ED2D4F60250037BD36 /* LocalData */ = {
			isa = PBXGroup;
			children = (
				7DB5D71D2D8BC6FB00051D27 /* KeyChain */,
				7D68FBDD2D7D3DE300B9B013 /* Realm */,
				7D68FBDC2D7D3DD200B9B013 /* UserDefaults */,
			);
			path = LocalData;
			sourceTree = "<group>";
		};
		7DB5D71D2D8BC6FB00051D27 /* KeyChain */ = {
			isa = PBXGroup;
			children = (
				7DB5D71E2D8BC71E00051D27 /* KeyChainManager.swift */,
			);
			path = KeyChain;
			sourceTree = "<group>";
		};
		7DB5D7242D8BF2ED00051D27 /* Domain */ = {
			isa = PBXGroup;
			children = (
				7DB5D7252D8BF2F200051D27 /* Interfaces */,
			);
			path = Domain;
			sourceTree = "<group>";
		};
		7DB5D7252D8BF2F200051D27 /* Interfaces */ = {
			isa = PBXGroup;
			children = (
				7DB5D7272D8BF57100051D27 /* MapRepository.swift */,
				7DB5D7292D8BF58B00051D27 /* ChatListRepository.swift */,
				7DB5D72B2D8BF59C00051D27 /* ChatRoomRepository.swift */,
				7DB5D7372D8C42B700051D27 /* AuthRepository.swift */,
			);
			path = Interfaces;
			sourceTree = "<group>";
		};
		7DB5D7262D8BF50A00051D27 /* Repository */ = {
			isa = PBXGroup;
			children = (
				7DB5D72D2D8C0F3F00051D27 /* DefaultMapRepository.swift */,
				7DB5D72F2D8C0F5100051D27 /* DefaultChatListRepository.swift */,
				7DB5D7312D8C0F7000051D27 /* DefaultChatRoomRepository.swift */,
				7DB5D7392D8C42CB00051D27 /* DefaultAuthRepository.swift */,
			);
			path = Repository;
			sourceTree = "<group>";
		};
/* End PBXGroup section */

/* Begin PBXNativeTarget section */
		7D7E67792D49146A0037BD36 /* KoCo-Talk */ = {
			isa = PBXNativeTarget;
			buildConfigurationList = 7D7E67882D49146C0037BD36 /* Build configuration list for PBXNativeTarget "KoCo-Talk" */;
			buildPhases = (
				7D7E67762D49146A0037BD36 /* Sources */,
				7D7E67772D49146A0037BD36 /* Frameworks */,
				7D7E67782D49146A0037BD36 /* Resources */,
				7D28618A2D812CD50015DD37 /* Embed Frameworks */,
			);
			buildRules = (
			);
			dependencies = (
			);
			name = "KoCo-Talk";
			packageProductDependencies = (
				7D7E67B02D4A0CE30037BD36 /* Alamofire */,
				7D7E67E52D4CCDE90037BD36 /* SocketIO */,
				7D68FBE12D7D3F3F00B9B013 /* RealmSwift */,
				7D68FBF42D7EE41B00B9B013 /* KakaoMapsSDK-SPM */,
			);
			productName = "KoCo-Talk";
			productReference = 7D7E677A2D49146A0037BD36 /* KoCo-Talk.app */;
			productType = "com.apple.product-type.application";
		};
/* End PBXNativeTarget section */

/* Begin PBXProject section */
		7D7E67722D49146A0037BD36 /* Project object */ = {
			isa = PBXProject;
			attributes = {
				BuildIndependentTargetsInParallel = 1;
				LastSwiftUpdateCheck = 1530;
				LastUpgradeCheck = 1530;
				TargetAttributes = {
					7D7E67792D49146A0037BD36 = {
						CreatedOnToolsVersion = 15.3;
					};
				};
			};
			buildConfigurationList = 7D7E67752D49146A0037BD36 /* Build configuration list for PBXProject "KoCo-Talk" */;
			compatibilityVersion = "Xcode 14.0";
			developmentRegion = en;
			hasScannedForEncodings = 0;
			knownRegions = (
				en,
				Base,
			);
			mainGroup = 7D7E67712D49146A0037BD36;
			packageReferences = (
				7D7E67AF2D4A0CE30037BD36 /* XCRemoteSwiftPackageReference "Alamofire" */,
				7D7E67E42D4CCDE90037BD36 /* XCRemoteSwiftPackageReference "socket.io-client-swift" */,
				7D68FBE02D7D3F3F00B9B013 /* XCRemoteSwiftPackageReference "realm-swift" */,
				7D68FBF32D7EE41B00B9B013 /* XCRemoteSwiftPackageReference "KakaoMapsSDK-SPM" */,
			);
			productRefGroup = 7D7E677B2D49146A0037BD36 /* Products */;
			projectDirPath = "";
			projectRoot = "";
			targets = (
				7D7E67792D49146A0037BD36 /* KoCo-Talk */,
			);
		};
/* End PBXProject section */

/* Begin PBXResourcesBuildPhase section */
		7D7E67782D49146A0037BD36 /* Resources */ = {
			isa = PBXResourcesBuildPhase;
			buildActionMask = 2147483647;
			files = (
				7D7E67B72D4A0D800037BD36 /* .gitignore in Resources */,
				7D7E67A22D49E3630037BD36 /* NanumSquareEB.ttf in Resources */,
				7D7E678D2D491BCA0037BD36 /* Colors.xcassets in Resources */,
				7D7E67A32D49E3630037BD36 /* NanumSquareR.ttf in Resources */,
				7D7E67A52D49E3630037BD36 /* NanumSquareB.ttf in Resources */,
				7D7E67852D49146C0037BD36 /* Preview Assets.xcassets in Resources */,
				7D7E67A42D49E3630037BD36 /* NanumSquareL.ttf in Resources */,
				7D7E67822D49146C0037BD36 /* Assets.xcassets in Resources */,
			);
			runOnlyForDeploymentPostprocessing = 0;
		};
/* End PBXResourcesBuildPhase section */

/* Begin PBXSourcesBuildPhase section */
		7D7E67762D49146A0037BD36 /* Sources */ = {
			isa = PBXSourcesBuildPhase;
			buildActionMask = 2147483647;
			files = (
				7D2861902D8156270015DD37 /* CustomFontModifier.swift in Sources */,
				7D2861882D8072F10015DD37 /* IconCircleBackgroudView.swift in Sources */,
				7D2861832D8054720015DD37 /* StoreInfoView.swift in Sources */,
				7D68FBD42D79D41600B9B013 /* FileResponse.swift in Sources */,
				7D68FBEF2D7EA1AB00B9B013 /* PostContent.swift in Sources */,
				7D25133E2D880AE2005850B9 /* UserProfileView.swift in Sources */,
				7D7E67BD2D4A0DC90037BD36 /* APIKEY.swift in Sources */,
				7D7E67CB2D4A131F0037BD36 /* ChattingListModel.swift in Sources */,
				7D68FBC62D75E58800B9B013 /* AppDelegate.swift in Sources */,
				7D68FBD22D77528600B9B013 /* BottomSheetView.swift in Sources */,
				7D7E67B52D4A0D4B0037BD36 /* Router.swift in Sources */,
				7D7E67F12D50D09D0037BD36 /* AuthResponseDTO+Mapping.swift in Sources */,
				7D7E67C52D4A10980037BD36 /* ChatRoomResponseDTO+Mapping.swift in Sources */,
				7DB5D73A2D8C42CB00051D27 /* DefaultAuthRepository.swift in Sources */,
				7DB5D7342D8C3A8D00051D27 /* EmailLoginIntent.swift in Sources */,
				7D68FBE52D7D4E6200B9B013 /* RealmChatContent.swift in Sources */,
				7D7E67E12D4C6FCD0037BD36 /* RoundedCorner.swift in Sources */,
				7D68FBBF2D7579D300B9B013 /* KeyboardModifier.swift in Sources */,
				7D7E67CF2D4A137F0037BD36 /* MVIContainer.swift in Sources */,
				7D7E67C92D4A13010037BD36 /* ChattingListIntent.swift in Sources */,
				7D68FBE92D7E92BE00B9B013 /* MapIntent.swift in Sources */,
				7D7E67D32D4B114C0037BD36 /* ChattingEntities.swift in Sources */,
				7D7E67B32D4A0D1F0037BD36 /* TargetType.swift in Sources */,
				7D7E67AE2D4A0C8E0037BD36 /* NetworkManager.swift in Sources */,
				7DB5D7232D8BE14600051D27 /* APIRequestInterceptor.swift in Sources */,
				7D68FBED2D7E9B3300B9B013 /* StoreInfoEntities.swift in Sources */,
				7D68FBBA2D73174400B9B013 /* BaisicAsyncImage.swift in Sources */,
				7D68FBC32D75AB8700B9B013 /* OrientationManager.swift in Sources */,
				7D7E67DE2D4C6D510037BD36 /* ChattingRoomRowView.swift in Sources */,
				7D7E679C2D49D5F50037BD36 /* MapView.swift in Sources */,
				7DB5D72E2D8C0F3F00051D27 /* DefaultMapRepository.swift in Sources */,
				7D7E67BB2D4A0DB90037BD36 /* APIURL.swift in Sources */,
				7D7E67E32D4CC8320037BD36 /* SocketIOManager.swift in Sources */,
				7D7E67E82D4CE23A0037BD36 /* String++.swift in Sources */,
				7D68FBF92D7FF2DC00B9B013 /* DynamicHeightBottomSheet.swift in Sources */,
				7D7E67972D49D1700037BD36 /* SettingsView.swift in Sources */,
				7DB5D7302D8C0F5100051D27 /* DefaultChatListRepository.swift in Sources */,
				7D68FBCE2D76ED8F00B9B013 /* PhotoGridItem.swift in Sources */,
				7D68FBEB2D7E92FB00B9B013 /* MapModel.swift in Sources */,
				7DB5D71F2D8BC71E00051D27 /* KeyChainManager.swift in Sources */,
				7D28619B2D82A9000015DD37 /* StoreDetailInformantionlView.swift in Sources */,
				7D7E67F52D50D1D70037BD36 /* Auth.swift in Sources */,
				7D7E67EF2D4F60450037BD36 /* UserDefaultsWrapper.swift in Sources */,
				7D7E67D72D4B170B0037BD36 /* DateFormatter++.swift in Sources */,
				7D68FBD82D7C096700B9B013 /* HeaderAsyncImage.swift in Sources */,
				7D2861972D816B5A0015DD37 /* KakaoMapCoordinator.swift in Sources */,
				7D2861992D8173700015DD37 /* LocationManager.swift in Sources */,
				7D7E67D92D4B2BF50037BD36 /* ChattingRoomModel.swift in Sources */,
				7D7E67C72D4A11CB0037BD36 /* ChatContentsResponseDTO+Mapping.swift in Sources */,
				7DB5D7382D8C42B700051D27 /* AuthRepository.swift in Sources */,
				7DB5D71C2D8A670900051D27 /* NetworkManager2.swift in Sources */,
				7DB5D7322D8C0F7000051D27 /* DefaultChatRoomRepository.swift in Sources */,
				7D68FBDF2D7D3EDF00B9B013 /* BaseRealmManager.swift in Sources */,
				7D68FBC12D757A1500B9B013 /* View++.swift in Sources */,
				7DB5D7362D8C3B6C00051D27 /* EmailLoginModel.swift in Sources */,
				7D28618E2D814BED0015DD37 /* StoreInfoButtonsView.swift in Sources */,
				7D7E67C32D4A0F210037BD36 /* ChatRoom.swift in Sources */,
				7D6007EE2D89122A00363A9A /* UserInfo.swift in Sources */,
				7D68FBDA2D7C187000B9B013 /* ImageLoader.swift in Sources */,
				7D6007EC2D8911EB00363A9A /* UserInfoResponseDTO+Mapping.swift in Sources */,
				7D2861A12D84257C0015DD37 /* StoreInfoRegisterView.swift in Sources */,
				7D7E679A2D49D34E0037BD36 /* Namespace.swift in Sources */,
				7D28618C2D813E140015DD37 /* StoreInfoTypeIconsView.swift in Sources */,
				7D7E67F32D50D1910037BD36 /* AuthEntities.swift in Sources */,
				7D7E67802D49146A0037BD36 /* ContentView.swift in Sources */,
				7DB5D7282D8BF57100051D27 /* MapRepository.swift in Sources */,
				7D7E67C02D4A0E950037BD36 /* StoreInfoResponseDTO+Mapping.swift in Sources */,
				7D7E67EC2D4F532A0037BD36 /* EmailLoginView.swift in Sources */,
				7DB5D72C2D8BF59C00051D27 /* ChatRoomRepository.swift in Sources */,
				7D2861852D8070890015DD37 /* StoreInfoHeaderView.swift in Sources */,
				7D7E677E2D49146A0037BD36 /* KoCo_TalkApp.swift in Sources */,
				7D68FBC92D76E88500B9B013 /* PhotoSelectView.swift in Sources */,
				7D68FBD62D79D6D500B9B013 /* PHAsset++.swift in Sources */,
				7D7E67DB2D4B2C030037BD36 /* ChattingRoomIntent.swift in Sources */,
				7D7E67A92D49F7C70037BD36 /* ChattingListRowView.swift in Sources */,
				7D68FBE72D7D5C6D00B9B013 /* ChatRealmManager.swift in Sources */,
				7D2861952D816B3D0015DD37 /* KakaoMapView.swift in Sources */,
				7D7E67932D491FD40037BD36 /* ChattingListView.swift in Sources */,
				7D7E67952D49209E0037BD36 /* ChattingRoomView.swift in Sources */,
				7DB5D72A2D8BF58B00051D27 /* ChatListRepository.swift in Sources */,
			);
			runOnlyForDeploymentPostprocessing = 0;
		};
/* End PBXSourcesBuildPhase section */

/* Begin XCBuildConfiguration section */
		7D7E67862D49146C0037BD36 /* Debug */ = {
			isa = XCBuildConfiguration;
			buildSettings = {
				ALWAYS_SEARCH_USER_PATHS = NO;
				ASSETCATALOG_COMPILER_GENERATE_SWIFT_ASSET_SYMBOL_EXTENSIONS = YES;
				CLANG_ANALYZER_NONNULL = YES;
				CLANG_ANALYZER_NUMBER_OBJECT_CONVERSION = YES_AGGRESSIVE;
				CLANG_CXX_LANGUAGE_STANDARD = "gnu++20";
				CLANG_ENABLE_MODULES = YES;
				CLANG_ENABLE_OBJC_ARC = YES;
				CLANG_ENABLE_OBJC_WEAK = YES;
				CLANG_WARN_BLOCK_CAPTURE_AUTORELEASING = YES;
				CLANG_WARN_BOOL_CONVERSION = YES;
				CLANG_WARN_COMMA = YES;
				CLANG_WARN_CONSTANT_CONVERSION = YES;
				CLANG_WARN_DEPRECATED_OBJC_IMPLEMENTATIONS = YES;
				CLANG_WARN_DIRECT_OBJC_ISA_USAGE = YES_ERROR;
				CLANG_WARN_DOCUMENTATION_COMMENTS = YES;
				CLANG_WARN_EMPTY_BODY = YES;
				CLANG_WARN_ENUM_CONVERSION = YES;
				CLANG_WARN_INFINITE_RECURSION = YES;
				CLANG_WARN_INT_CONVERSION = YES;
				CLANG_WARN_NON_LITERAL_NULL_CONVERSION = YES;
				CLANG_WARN_OBJC_IMPLICIT_RETAIN_SELF = YES;
				CLANG_WARN_OBJC_LITERAL_CONVERSION = YES;
				CLANG_WARN_OBJC_ROOT_CLASS = YES_ERROR;
				CLANG_WARN_QUOTED_INCLUDE_IN_FRAMEWORK_HEADER = YES;
				CLANG_WARN_RANGE_LOOP_ANALYSIS = YES;
				CLANG_WARN_STRICT_PROTOTYPES = YES;
				CLANG_WARN_SUSPICIOUS_MOVE = YES;
				CLANG_WARN_UNGUARDED_AVAILABILITY = YES_AGGRESSIVE;
				CLANG_WARN_UNREACHABLE_CODE = YES;
				CLANG_WARN__DUPLICATE_METHOD_MATCH = YES;
				COPY_PHASE_STRIP = NO;
				DEBUG_INFORMATION_FORMAT = dwarf;
				ENABLE_STRICT_OBJC_MSGSEND = YES;
				ENABLE_TESTABILITY = YES;
				ENABLE_USER_SCRIPT_SANDBOXING = YES;
				GCC_C_LANGUAGE_STANDARD = gnu17;
				GCC_DYNAMIC_NO_PIC = NO;
				GCC_NO_COMMON_BLOCKS = YES;
				GCC_OPTIMIZATION_LEVEL = 0;
				GCC_PREPROCESSOR_DEFINITIONS = (
					"DEBUG=1",
					"$(inherited)",
				);
				GCC_WARN_64_TO_32_BIT_CONVERSION = YES;
				GCC_WARN_ABOUT_RETURN_TYPE = YES_ERROR;
				GCC_WARN_UNDECLARED_SELECTOR = YES;
				GCC_WARN_UNINITIALIZED_AUTOS = YES_AGGRESSIVE;
				GCC_WARN_UNUSED_FUNCTION = YES;
				GCC_WARN_UNUSED_VARIABLE = YES;
				IPHONEOS_DEPLOYMENT_TARGET = 16.0;
				LOCALIZATION_PREFERS_STRING_CATALOGS = YES;
				MTL_ENABLE_DEBUG_INFO = INCLUDE_SOURCE;
				MTL_FAST_MATH = YES;
				ONLY_ACTIVE_ARCH = YES;
				SDKROOT = iphoneos;
				SWIFT_ACTIVE_COMPILATION_CONDITIONS = "DEBUG $(inherited)";
				SWIFT_OPTIMIZATION_LEVEL = "-Onone";
			};
			name = Debug;
		};
		7D7E67872D49146C0037BD36 /* Release */ = {
			isa = XCBuildConfiguration;
			buildSettings = {
				ALWAYS_SEARCH_USER_PATHS = NO;
				ASSETCATALOG_COMPILER_GENERATE_SWIFT_ASSET_SYMBOL_EXTENSIONS = YES;
				CLANG_ANALYZER_NONNULL = YES;
				CLANG_ANALYZER_NUMBER_OBJECT_CONVERSION = YES_AGGRESSIVE;
				CLANG_CXX_LANGUAGE_STANDARD = "gnu++20";
				CLANG_ENABLE_MODULES = YES;
				CLANG_ENABLE_OBJC_ARC = YES;
				CLANG_ENABLE_OBJC_WEAK = YES;
				CLANG_WARN_BLOCK_CAPTURE_AUTORELEASING = YES;
				CLANG_WARN_BOOL_CONVERSION = YES;
				CLANG_WARN_COMMA = YES;
				CLANG_WARN_CONSTANT_CONVERSION = YES;
				CLANG_WARN_DEPRECATED_OBJC_IMPLEMENTATIONS = YES;
				CLANG_WARN_DIRECT_OBJC_ISA_USAGE = YES_ERROR;
				CLANG_WARN_DOCUMENTATION_COMMENTS = YES;
				CLANG_WARN_EMPTY_BODY = YES;
				CLANG_WARN_ENUM_CONVERSION = YES;
				CLANG_WARN_INFINITE_RECURSION = YES;
				CLANG_WARN_INT_CONVERSION = YES;
				CLANG_WARN_NON_LITERAL_NULL_CONVERSION = YES;
				CLANG_WARN_OBJC_IMPLICIT_RETAIN_SELF = YES;
				CLANG_WARN_OBJC_LITERAL_CONVERSION = YES;
				CLANG_WARN_OBJC_ROOT_CLASS = YES_ERROR;
				CLANG_WARN_QUOTED_INCLUDE_IN_FRAMEWORK_HEADER = YES;
				CLANG_WARN_RANGE_LOOP_ANALYSIS = YES;
				CLANG_WARN_STRICT_PROTOTYPES = YES;
				CLANG_WARN_SUSPICIOUS_MOVE = YES;
				CLANG_WARN_UNGUARDED_AVAILABILITY = YES_AGGRESSIVE;
				CLANG_WARN_UNREACHABLE_CODE = YES;
				CLANG_WARN__DUPLICATE_METHOD_MATCH = YES;
				COPY_PHASE_STRIP = NO;
				DEBUG_INFORMATION_FORMAT = "dwarf-with-dsym";
				ENABLE_NS_ASSERTIONS = NO;
				ENABLE_STRICT_OBJC_MSGSEND = YES;
				ENABLE_USER_SCRIPT_SANDBOXING = YES;
				GCC_C_LANGUAGE_STANDARD = gnu17;
				GCC_NO_COMMON_BLOCKS = YES;
				GCC_WARN_64_TO_32_BIT_CONVERSION = YES;
				GCC_WARN_ABOUT_RETURN_TYPE = YES_ERROR;
				GCC_WARN_UNDECLARED_SELECTOR = YES;
				GCC_WARN_UNINITIALIZED_AUTOS = YES_AGGRESSIVE;
				GCC_WARN_UNUSED_FUNCTION = YES;
				GCC_WARN_UNUSED_VARIABLE = YES;
				IPHONEOS_DEPLOYMENT_TARGET = 16.0;
				LOCALIZATION_PREFERS_STRING_CATALOGS = YES;
				MTL_ENABLE_DEBUG_INFO = NO;
				MTL_FAST_MATH = YES;
				SDKROOT = iphoneos;
				SWIFT_COMPILATION_MODE = wholemodule;
				VALIDATE_PRODUCT = YES;
			};
			name = Release;
		};
		7D7E67892D49146C0037BD36 /* Debug */ = {
			isa = XCBuildConfiguration;
			buildSettings = {
				ASSETCATALOG_COMPILER_APPICON_NAME = AppIcon;
				ASSETCATALOG_COMPILER_GLOBAL_ACCENT_COLOR_NAME = AccentColor;
				CODE_SIGN_STYLE = Automatic;
				CURRENT_PROJECT_VERSION = 1;
				DEVELOPMENT_ASSET_PATHS = "\"KoCo-Talk/Preview Content\"";
				DEVELOPMENT_TEAM = 5B4DDA3JD6;
				ENABLE_PREVIEWS = YES;
				GENERATE_INFOPLIST_FILE = YES;
				INFOPLIST_FILE = "KoCo-Talk/Info.plist";
				INFOPLIST_KEY_LSApplicationCategoryType = "";
				INFOPLIST_KEY_UIApplicationSceneManifest_Generation = YES;
				INFOPLIST_KEY_UIApplicationSupportsIndirectInputEvents = YES;
				INFOPLIST_KEY_UILaunchScreen_Generation = YES;
				INFOPLIST_KEY_UISupportedInterfaceOrientations_iPad = "UIInterfaceOrientationPortrait UIInterfaceOrientationPortraitUpsideDown UIInterfaceOrientationLandscapeLeft UIInterfaceOrientationLandscapeRight";
				INFOPLIST_KEY_UISupportedInterfaceOrientations_iPhone = "UIInterfaceOrientationPortrait UIInterfaceOrientationLandscapeLeft UIInterfaceOrientationLandscapeRight";
				IPHONEOS_DEPLOYMENT_TARGET = 16.0;
				LD_RUNPATH_SEARCH_PATHS = (
					"$(inherited)",
					"@executable_path/Frameworks",
				);
				MARKETING_VERSION = 1.0;
				PRODUCT_BUNDLE_IDENTIFIER = "com.yeonju.KoCo-Talk";
				PRODUCT_NAME = "$(TARGET_NAME)";
				SWIFT_EMIT_LOC_STRINGS = YES;
				SWIFT_VERSION = 5.0;
				TARGETED_DEVICE_FAMILY = "1,2";
			};
			name = Debug;
		};
		7D7E678A2D49146C0037BD36 /* Release */ = {
			isa = XCBuildConfiguration;
			buildSettings = {
				ASSETCATALOG_COMPILER_APPICON_NAME = AppIcon;
				ASSETCATALOG_COMPILER_GLOBAL_ACCENT_COLOR_NAME = AccentColor;
				CODE_SIGN_STYLE = Automatic;
				CURRENT_PROJECT_VERSION = 1;
				DEVELOPMENT_ASSET_PATHS = "\"KoCo-Talk/Preview Content\"";
				DEVELOPMENT_TEAM = 5B4DDA3JD6;
				ENABLE_PREVIEWS = YES;
				GENERATE_INFOPLIST_FILE = YES;
				INFOPLIST_FILE = "KoCo-Talk/Info.plist";
				INFOPLIST_KEY_LSApplicationCategoryType = "";
				INFOPLIST_KEY_UIApplicationSceneManifest_Generation = YES;
				INFOPLIST_KEY_UIApplicationSupportsIndirectInputEvents = YES;
				INFOPLIST_KEY_UILaunchScreen_Generation = YES;
				INFOPLIST_KEY_UISupportedInterfaceOrientations_iPad = "UIInterfaceOrientationPortrait UIInterfaceOrientationPortraitUpsideDown UIInterfaceOrientationLandscapeLeft UIInterfaceOrientationLandscapeRight";
				INFOPLIST_KEY_UISupportedInterfaceOrientations_iPhone = "UIInterfaceOrientationPortrait UIInterfaceOrientationLandscapeLeft UIInterfaceOrientationLandscapeRight";
				IPHONEOS_DEPLOYMENT_TARGET = 16.0;
				LD_RUNPATH_SEARCH_PATHS = (
					"$(inherited)",
					"@executable_path/Frameworks",
				);
				MARKETING_VERSION = 1.0;
				PRODUCT_BUNDLE_IDENTIFIER = "com.yeonju.KoCo-Talk";
				PRODUCT_NAME = "$(TARGET_NAME)";
				SWIFT_EMIT_LOC_STRINGS = YES;
				SWIFT_VERSION = 5.0;
				TARGETED_DEVICE_FAMILY = "1,2";
			};
			name = Release;
		};
/* End XCBuildConfiguration section */

/* Begin XCConfigurationList section */
		7D7E67752D49146A0037BD36 /* Build configuration list for PBXProject "KoCo-Talk" */ = {
			isa = XCConfigurationList;
			buildConfigurations = (
				7D7E67862D49146C0037BD36 /* Debug */,
				7D7E67872D49146C0037BD36 /* Release */,
			);
			defaultConfigurationIsVisible = 0;
			defaultConfigurationName = Release;
		};
		7D7E67882D49146C0037BD36 /* Build configuration list for PBXNativeTarget "KoCo-Talk" */ = {
			isa = XCConfigurationList;
			buildConfigurations = (
				7D7E67892D49146C0037BD36 /* Debug */,
				7D7E678A2D49146C0037BD36 /* Release */,
			);
			defaultConfigurationIsVisible = 0;
			defaultConfigurationName = Release;
		};
/* End XCConfigurationList section */

/* Begin XCRemoteSwiftPackageReference section */
		7D68FBE02D7D3F3F00B9B013 /* XCRemoteSwiftPackageReference "realm-swift" */ = {
			isa = XCRemoteSwiftPackageReference;
			repositoryURL = "https://github.com/realm/realm-swift.git";
			requirement = {
				kind = exactVersion;
				version = 10.53.0;
			};
		};
		7D68FBF32D7EE41B00B9B013 /* XCRemoteSwiftPackageReference "KakaoMapsSDK-SPM" */ = {
			isa = XCRemoteSwiftPackageReference;
			repositoryURL = "https://github.com/kakao-mapsSDK/KakaoMapsSDK-SPM.git";
			requirement = {
				kind = exactVersion;
				version = 2.10.7;
			};
		};
		7D7E67AF2D4A0CE30037BD36 /* XCRemoteSwiftPackageReference "Alamofire" */ = {
			isa = XCRemoteSwiftPackageReference;
			repositoryURL = "https://github.com/Alamofire/Alamofire.git";
			requirement = {
				kind = upToNextMajorVersion;
				minimumVersion = 5.10.2;
			};
		};
		7D7E67E42D4CCDE90037BD36 /* XCRemoteSwiftPackageReference "socket.io-client-swift" */ = {
			isa = XCRemoteSwiftPackageReference;
			repositoryURL = "https://github.com/socketio/socket.io-client-swift.git";
			requirement = {
				kind = exactVersion;
				version = 16.1.1;
			};
		};
/* End XCRemoteSwiftPackageReference section */

/* Begin XCSwiftPackageProductDependency section */
		7D68FBE12D7D3F3F00B9B013 /* RealmSwift */ = {
			isa = XCSwiftPackageProductDependency;
			package = 7D68FBE02D7D3F3F00B9B013 /* XCRemoteSwiftPackageReference "realm-swift" */;
			productName = RealmSwift;
		};
		7D68FBF42D7EE41B00B9B013 /* KakaoMapsSDK-SPM */ = {
			isa = XCSwiftPackageProductDependency;
			package = 7D68FBF32D7EE41B00B9B013 /* XCRemoteSwiftPackageReference "KakaoMapsSDK-SPM" */;
			productName = "KakaoMapsSDK-SPM";
		};
		7D7E67B02D4A0CE30037BD36 /* Alamofire */ = {
			isa = XCSwiftPackageProductDependency;
			package = 7D7E67AF2D4A0CE30037BD36 /* XCRemoteSwiftPackageReference "Alamofire" */;
			productName = Alamofire;
		};
		7D7E67E52D4CCDE90037BD36 /* SocketIO */ = {
			isa = XCSwiftPackageProductDependency;
			package = 7D7E67E42D4CCDE90037BD36 /* XCRemoteSwiftPackageReference "socket.io-client-swift" */;
			productName = SocketIO;
		};
/* End XCSwiftPackageProductDependency section */
	};
	rootObject = 7D7E67722D49146A0037BD36 /* Project object */;
}
